// !$*UTF8*$!
{
	archiveVersion = 1;
	classes = {
	};
	objectVersion = 48;
	objects = {

/* Begin PBXBuildFile section */
		5C1CDF97F3166225AC3A56CE /* Pods_FireFighters.framework in Frameworks */ = {isa = PBXBuildFile; fileRef = 46B8FC0CBE44D4CFCCDCB760 /* Pods_FireFighters.framework */; };
		96253C662095DB74006F7C8D /* DecisionProgressVC.swift in Sources */ = {isa = PBXBuildFile; fileRef = 96253C652095DB74006F7C8D /* DecisionProgressVC.swift */; };
		963ED56E20DF9C3000EF6ECF /* Custom_AlertController.swift in Sources */ = {isa = PBXBuildFile; fileRef = 963ED56D20DF9C3000EF6ECF /* Custom_AlertController.swift */; };
		963ED57220DFB94F00EF6ECF /* Custom_TabBar.swift in Sources */ = {isa = PBXBuildFile; fileRef = 963ED57120DFB94F00EF6ECF /* Custom_TabBar.swift */; };
		96622DE82090F7280046AF46 /* ResultTextFile.swift in Sources */ = {isa = PBXBuildFile; fileRef = 96622DE72090F7280046AF46 /* ResultTextFile.swift */; };
		969AA0F0210118BA0075899A /* Podfile in Resources */ = {isa = PBXBuildFile; fileRef = 969AA0EF210118BA0075899A /* Podfile */; };
		96BC9DCA20A610D5002E9ADB /* ProfileEditBoard.storyboard in Resources */ = {isa = PBXBuildFile; fileRef = 96BC9DC920A610D5002E9ADB /* ProfileEditBoard.storyboard */; };
		96BC9DCD20A6115A002E9ADB /* EditProfileInfoVC.swift in Sources */ = {isa = PBXBuildFile; fileRef = 96BC9DCC20A6115A002E9ADB /* EditProfileInfoVC.swift */; };
		96BC9DCF20A61186002E9ADB /* WorkInfoEdithVC.swift in Sources */ = {isa = PBXBuildFile; fileRef = 96BC9DCE20A61186002E9ADB /* WorkInfoEdithVC.swift */; };
		96BC9DD120A6172B002E9ADB /* WorkInfoEdithBoard.storyboard in Resources */ = {isa = PBXBuildFile; fileRef = 96BC9DD020A6172B002E9ADB /* WorkInfoEdithBoard.storyboard */; };
		96C5070520D199E300984F41 /* Custom_DataPicker.swift in Sources */ = {isa = PBXBuildFile; fileRef = 96C5070420D199E300984F41 /* Custom_DataPicker.swift */; };
		96C699B520DBF4E500DF7578 /* Firebase_Errors.swift in Sources */ = {isa = PBXBuildFile; fileRef = 96C699B420DBF4E500DF7578 /* Firebase_Errors.swift */; };
		96C699B720DBF4F300DF7578 /* getFirebaseData.swift in Sources */ = {isa = PBXBuildFile; fileRef = 96C699B620DBF4F300DF7578 /* getFirebaseData.swift */; };
		96C9A13120C9BED300EC1B1F /* Custom_Image.swift in Sources */ = {isa = PBXBuildFile; fileRef = 96C9A13020C9BED300EC1B1F /* Custom_Image.swift */; };
		96C9A13320C9BEEF00EC1B1F /* Custom_Button.swift in Sources */ = {isa = PBXBuildFile; fileRef = 96C9A13220C9BEEF00EC1B1F /* Custom_Button.swift */; };
		96C9A13520C9BF3C00EC1B1F /* Custom_Date.swift in Sources */ = {isa = PBXBuildFile; fileRef = 96C9A13420C9BF3C00EC1B1F /* Custom_Date.swift */; };
		96C9A13720C9BF6700EC1B1F /* Custom_TextField.swift in Sources */ = {isa = PBXBuildFile; fileRef = 96C9A13620C9BF6700EC1B1F /* Custom_TextField.swift */; };
		96C9A13920C9BF8B00EC1B1F /* Custom_View.swift in Sources */ = {isa = PBXBuildFile; fileRef = 96C9A13820C9BF8B00EC1B1F /* Custom_View.swift */; };
		96C9A13B20C9BFDB00EC1B1F /* Custom_Layer.swift in Sources */ = {isa = PBXBuildFile; fileRef = 96C9A13A20C9BFDB00EC1B1F /* Custom_Layer.swift */; };
		96C9A13D20C9C00100EC1B1F /* Custom_String.swift in Sources */ = {isa = PBXBuildFile; fileRef = 96C9A13C20C9C00100EC1B1F /* Custom_String.swift */; };
		96C9A13F20C9C56A00EC1B1F /* getFirebaseInfo.swift in Sources */ = {isa = PBXBuildFile; fileRef = 96C9A13E20C9C56A00EC1B1F /* getFirebaseInfo.swift */; };
		96EAB7532110F3610054333F /* AuthNavigationViewController.swift in Sources */ = {isa = PBXBuildFile; fileRef = 96EAB7522110F3610054333F /* AuthNavigationViewController.swift */; };
		96EB6E0620D6BAC3001492D8 /* authStoryBoardiPad.storyboard in Resources */ = {isa = PBXBuildFile; fileRef = 96EB6E0520D6BAC3001492D8 /* authStoryBoardiPad.storyboard */; };
		96EB6E0820D6BADA001492D8 /* firstStoryBoardiPad.storyboard in Resources */ = {isa = PBXBuildFile; fileRef = 96EB6E0720D6BADA001492D8 /* firstStoryBoardiPad.storyboard */; };
		96EB6E0A20D6BAE9001492D8 /* MainStoryBoardiPad.storyboard in Resources */ = {isa = PBXBuildFile; fileRef = 96EB6E0920D6BAE9001492D8 /* MainStoryBoardiPad.storyboard */; };
		96EB6E0C20D6BB05001492D8 /* CalculationStoryBoardiPad.storyboard in Resources */ = {isa = PBXBuildFile; fileRef = 96EB6E0B20D6BB05001492D8 /* CalculationStoryBoardiPad.storyboard */; };
		96EB6E0E20D6BB1F001492D8 /* ProfileEditBoardiPad.storyboard in Resources */ = {isa = PBXBuildFile; fileRef = 96EB6E0D20D6BB1F001492D8 /* ProfileEditBoardiPad.storyboard */; };
		96EB6E1020D6BB2F001492D8 /* WorkInfoEdithBoardiPad.storyboard in Resources */ = {isa = PBXBuildFile; fileRef = 96EB6E0F20D6BB2F001492D8 /* WorkInfoEdithBoardiPad.storyboard */; };
		96EB6E1220D6BCF8001492D8 /* Custom_Label.swift in Sources */ = {isa = PBXBuildFile; fileRef = 96EB6E1120D6BCF8001492D8 /* Custom_Label.swift */; };
		96FB909C2137C81E00233DE5 /* GoogleService-Info.plist in Resources */ = {isa = PBXBuildFile; fileRef = 96FB909B2137C81E00233DE5 /* GoogleService-Info.plist */; };
		96FF238720E538EA000E3626 /* userProfileSave.storyboard in Resources */ = {isa = PBXBuildFile; fileRef = 96FF238620E538EA000E3626 /* userProfileSave.storyboard */; };
		96FFA1B920B36F480079AAFC /* CalculationSB.storyboard in Resources */ = {isa = PBXBuildFile; fileRef = 96FFA1B820B36F480079AAFC /* CalculationSB.storyboard */; };
		C93E98BC1FCC685D00377B89 /* FirstNextViewController.swift in Sources */ = {isa = PBXBuildFile; fileRef = C93E98BB1FCC685C00377B89 /* FirstNextViewController.swift */; };
		C99610F820782A480024F8A5 /* Calculation+CoreDataClass.swift in Sources */ = {isa = PBXBuildFile; fileRef = C99610F620782A480024F8A5 /* Calculation+CoreDataClass.swift */; };
		C99610F920782A480024F8A5 /* Calculation+CoreDataProperties.swift in Sources */ = {isa = PBXBuildFile; fileRef = C99610F720782A480024F8A5 /* Calculation+CoreDataProperties.swift */; };
		CDA5CF47219DEE2300E9FCFF /* AppsInfoBoard.storyboard in Resources */ = {isa = PBXBuildFile; fileRef = CDA5CF46219DEE2300E9FCFF /* AppsInfoBoard.storyboard */; };
		CDA9A2E1219C1B3600A457B8 /* DarkTheme.swift in Sources */ = {isa = PBXBuildFile; fileRef = CDA9A2E0219C1B3600A457B8 /* DarkTheme.swift */; };
		E905295B1FDBEA2E00647967 /* MainStoryboard.storyboard in Resources */ = {isa = PBXBuildFile; fileRef = E905295A1FDBEA2E00647967 /* MainStoryboard.storyboard */; };
		E90894D21FC47F43001DEE07 /* AppDelegate.swift in Sources */ = {isa = PBXBuildFile; fileRef = E90894D11FC47F43001DEE07 /* AppDelegate.swift */; };
		E90894DA1FC47F43001DEE07 /* FireFighters.xcdatamodeld in Sources */ = {isa = PBXBuildFile; fileRef = E90894D81FC47F43001DEE07 /* FireFighters.xcdatamodeld */; };
		E90894DC1FC47F43001DEE07 /* Assets.xcassets in Resources */ = {isa = PBXBuildFile; fileRef = E90894DB1FC47F43001DEE07 /* Assets.xcassets */; };
		E90894EA1FC48401001DEE07 /* LaunchScreen.storyboard in Resources */ = {isa = PBXBuildFile; fileRef = E90894E91FC48401001DEE07 /* LaunchScreen.storyboard */; };
		E90894F01FC48593001DEE07 /* firstStoryBoards.storyboard in Resources */ = {isa = PBXBuildFile; fileRef = E90894EF1FC48593001DEE07 /* firstStoryBoards.storyboard */; };
		E9100AB7205DA83000F488CD /* AuthAndRegistrationView.swift in Sources */ = {isa = PBXBuildFile; fileRef = E9100AB6205DA83000F488CD /* AuthAndRegistrationView.swift */; };
		E920DC382046C71400E53C69 /* NoWorkHearthVC.swift in Sources */ = {isa = PBXBuildFile; fileRef = E920DC372046C71400E53C69 /* NoWorkHearthVC.swift */; };
		E920DC422046F65200E53C69 /* ResultViewController.swift in Sources */ = {isa = PBXBuildFile; fileRef = E920DC412046F65200E53C69 /* ResultViewController.swift */; };
		E923873C1FE3D5D600AA8078 /* CustomNavContr.swift in Sources */ = {isa = PBXBuildFile; fileRef = E923873B1FE3D5D600AA8078 /* CustomNavContr.swift */; };
		E923ED6A1FF16C2200A319B6 /* ProfileViewController.swift in Sources */ = {isa = PBXBuildFile; fileRef = E923ED691FF16C2200A319B6 /* ProfileViewController.swift */; };
		E923ED6C1FF1738300A319B6 /* DocViewController.swift in Sources */ = {isa = PBXBuildFile; fileRef = E923ED6B1FF1738300A319B6 /* DocViewController.swift */; };
		E9347B472011044C00B20980 /* authStoryBoard.storyboard in Resources */ = {isa = PBXBuildFile; fileRef = E9347B462011044C00B20980 /* authStoryBoard.storyboard */; };
		E9458DC02013682D00377530 /* userInfoDataBase.swift in Sources */ = {isa = PBXBuildFile; fileRef = E9458DBF2013682D00377530 /* userInfoDataBase.swift */; };
		E9524AF32011F94900E007C8 /* authorizationVC.swift in Sources */ = {isa = PBXBuildFile; fileRef = E9524AF22011F94900E007C8 /* authorizationVC.swift */; };
		E9524AF52011FF8800E007C8 /* creatUserProfile.swift in Sources */ = {isa = PBXBuildFile; fileRef = E9524AF42011FF8800E007C8 /* creatUserProfile.swift */; };
		E96429F21FCEDDF0005BB8D4 /* icon in Resources */ = {isa = PBXBuildFile; fileRef = E96429F01FCEDDF0005BB8D4 /* icon */; };
		E96429F31FCEDDF0005BB8D4 /* LaunchScreenImage in Resources */ = {isa = PBXBuildFile; fileRef = E96429F11FCEDDF0005BB8D4 /* LaunchScreenImage */; };
		E977517E2041CF9C0004F400 /* SelectTimeFireFighter.swift in Sources */ = {isa = PBXBuildFile; fileRef = E977517D2041CF9C0004F400 /* SelectTimeFireFighter.swift */; };
		E97751802041CFAA0004F400 /* TimerViewController.swift in Sources */ = {isa = PBXBuildFile; fileRef = E977517F2041CFAA0004F400 /* TimerViewController.swift */; };
		E97751822041CFF60004F400 /* HearthViewController.swift in Sources */ = {isa = PBXBuildFile; fileRef = E97751812041CFF60004F400 /* HearthViewController.swift */; };
		E978EAED1FEED7B700197057 /* CalculationViewController.swift in Sources */ = {isa = PBXBuildFile; fileRef = E978EAEC1FEED7B700197057 /* CalculationViewController.swift */; };
		E97B9D251FF2BEA100542C6C /* Custom_ProfileCell.swift in Sources */ = {isa = PBXBuildFile; fileRef = E97B9D241FF2BEA100542C6C /* Custom_ProfileCell.swift */; };
		E9B278D3202CE8BC00FA89EE /* CalculationsFile.swift in Sources */ = {isa = PBXBuildFile; fileRef = E9B278D2202CE8BC00FA89EE /* CalculationsFile.swift */; };
		E9BEDB491FC4A3CF00DAD26E /* FirstViewController.swift in Sources */ = {isa = PBXBuildFile; fileRef = E9BEDB481FC4A3CF00DAD26E /* FirstViewController.swift */; };
		E9C788351FD82DE7009F98F2 /* UserProfile+CoreDataClass.swift in Sources */ = {isa = PBXBuildFile; fileRef = E9C788331FD82DE7009F98F2 /* UserProfile+CoreDataClass.swift */; };
		E9C788361FD82DE7009F98F2 /* UserProfile+CoreDataProperties.swift in Sources */ = {isa = PBXBuildFile; fileRef = E9C788341FD82DE7009F98F2 /* UserProfile+CoreDataProperties.swift */; };
		E9F31F521FDDB056001D74B9 /* MainViewController.swift in Sources */ = {isa = PBXBuildFile; fileRef = E9F31F511FDDB056001D74B9 /* MainViewController.swift */; };
/* End PBXBuildFile section */

/* Begin PBXFileReference section */
		3AC3D33ED9941FE8757C2361 /* Pods-FireFighters.release.xcconfig */ = {isa = PBXFileReference; includeInIndex = 1; lastKnownFileType = text.xcconfig; name = "Pods-FireFighters.release.xcconfig"; path = "Pods/Target Support Files/Pods-FireFighters/Pods-FireFighters.release.xcconfig"; sourceTree = "<group>"; };
		46B8FC0CBE44D4CFCCDCB760 /* Pods_FireFighters.framework */ = {isa = PBXFileReference; explicitFileType = wrapper.framework; includeInIndex = 0; path = Pods_FireFighters.framework; sourceTree = BUILT_PRODUCTS_DIR; };
		7BE6FE637E4589DB5C62AD11 /* Pods-FireFighters.debug.xcconfig */ = {isa = PBXFileReference; includeInIndex = 1; lastKnownFileType = text.xcconfig; name = "Pods-FireFighters.debug.xcconfig"; path = "Pods/Target Support Files/Pods-FireFighters/Pods-FireFighters.debug.xcconfig"; sourceTree = "<group>"; };
		961D21C720FAC41500CAB75C /* FireFighters.entitlements */ = {isa = PBXFileReference; lastKnownFileType = text.plist.entitlements; path = FireFighters.entitlements; sourceTree = "<group>"; };
		96253C652095DB74006F7C8D /* DecisionProgressVC.swift */ = {isa = PBXFileReference; lastKnownFileType = sourcecode.swift; path = DecisionProgressVC.swift; sourceTree = "<group>"; };
		963ED56D20DF9C3000EF6ECF /* Custom_AlertController.swift */ = {isa = PBXFileReference; lastKnownFileType = sourcecode.swift; path = Custom_AlertController.swift; sourceTree = "<group>"; };
		963ED57120DFB94F00EF6ECF /* Custom_TabBar.swift */ = {isa = PBXFileReference; lastKnownFileType = sourcecode.swift; path = Custom_TabBar.swift; sourceTree = "<group>"; };
		96622DE72090F7280046AF46 /* ResultTextFile.swift */ = {isa = PBXFileReference; lastKnownFileType = sourcecode.swift; path = ResultTextFile.swift; sourceTree = "<group>"; };
		969AA0EF210118BA0075899A /* Podfile */ = {isa = PBXFileReference; fileEncoding = 4; lastKnownFileType = text; path = Podfile; sourceTree = "<group>"; xcLanguageSpecificationIdentifier = xcode.lang.ruby; };
		96BC9DC920A610D5002E9ADB /* ProfileEditBoard.storyboard */ = {isa = PBXFileReference; lastKnownFileType = file.storyboard; path = ProfileEditBoard.storyboard; sourceTree = "<group>"; };
		96BC9DCC20A6115A002E9ADB /* EditProfileInfoVC.swift */ = {isa = PBXFileReference; lastKnownFileType = sourcecode.swift; path = EditProfileInfoVC.swift; sourceTree = "<group>"; };
		96BC9DCE20A61186002E9ADB /* WorkInfoEdithVC.swift */ = {isa = PBXFileReference; lastKnownFileType = sourcecode.swift; path = WorkInfoEdithVC.swift; sourceTree = "<group>"; };
		96BC9DD020A6172B002E9ADB /* WorkInfoEdithBoard.storyboard */ = {isa = PBXFileReference; lastKnownFileType = file.storyboard; path = WorkInfoEdithBoard.storyboard; sourceTree = "<group>"; };
		96C5070420D199E300984F41 /* Custom_DataPicker.swift */ = {isa = PBXFileReference; lastKnownFileType = sourcecode.swift; path = Custom_DataPicker.swift; sourceTree = "<group>"; };
		96C699B420DBF4E500DF7578 /* Firebase_Errors.swift */ = {isa = PBXFileReference; lastKnownFileType = sourcecode.swift; path = Firebase_Errors.swift; sourceTree = "<group>"; };
		96C699B620DBF4F300DF7578 /* getFirebaseData.swift */ = {isa = PBXFileReference; lastKnownFileType = sourcecode.swift; path = getFirebaseData.swift; sourceTree = "<group>"; };
		96C9A13020C9BED300EC1B1F /* Custom_Image.swift */ = {isa = PBXFileReference; lastKnownFileType = sourcecode.swift; path = Custom_Image.swift; sourceTree = "<group>"; };
		96C9A13220C9BEEF00EC1B1F /* Custom_Button.swift */ = {isa = PBXFileReference; lastKnownFileType = sourcecode.swift; path = Custom_Button.swift; sourceTree = "<group>"; };
		96C9A13420C9BF3C00EC1B1F /* Custom_Date.swift */ = {isa = PBXFileReference; lastKnownFileType = sourcecode.swift; path = Custom_Date.swift; sourceTree = "<group>"; };
		96C9A13620C9BF6700EC1B1F /* Custom_TextField.swift */ = {isa = PBXFileReference; lastKnownFileType = sourcecode.swift; path = Custom_TextField.swift; sourceTree = "<group>"; };
		96C9A13820C9BF8B00EC1B1F /* Custom_View.swift */ = {isa = PBXFileReference; lastKnownFileType = sourcecode.swift; path = Custom_View.swift; sourceTree = "<group>"; };
		96C9A13A20C9BFDB00EC1B1F /* Custom_Layer.swift */ = {isa = PBXFileReference; lastKnownFileType = sourcecode.swift; path = Custom_Layer.swift; sourceTree = "<group>"; };
		96C9A13C20C9C00100EC1B1F /* Custom_String.swift */ = {isa = PBXFileReference; lastKnownFileType = sourcecode.swift; path = Custom_String.swift; sourceTree = "<group>"; };
		96C9A13E20C9C56A00EC1B1F /* getFirebaseInfo.swift */ = {isa = PBXFileReference; lastKnownFileType = sourcecode.swift; path = getFirebaseInfo.swift; sourceTree = "<group>"; };
		96EAB7522110F3610054333F /* AuthNavigationViewController.swift */ = {isa = PBXFileReference; lastKnownFileType = sourcecode.swift; path = AuthNavigationViewController.swift; sourceTree = "<group>"; };
		96EB6E0520D6BAC3001492D8 /* authStoryBoardiPad.storyboard */ = {isa = PBXFileReference; lastKnownFileType = file.storyboard; path = authStoryBoardiPad.storyboard; sourceTree = "<group>"; };
		96EB6E0720D6BADA001492D8 /* firstStoryBoardiPad.storyboard */ = {isa = PBXFileReference; lastKnownFileType = file.storyboard; path = firstStoryBoardiPad.storyboard; sourceTree = "<group>"; };
		96EB6E0920D6BAE9001492D8 /* MainStoryBoardiPad.storyboard */ = {isa = PBXFileReference; lastKnownFileType = file.storyboard; path = MainStoryBoardiPad.storyboard; sourceTree = "<group>"; };
		96EB6E0B20D6BB05001492D8 /* CalculationStoryBoardiPad.storyboard */ = {isa = PBXFileReference; lastKnownFileType = file.storyboard; path = CalculationStoryBoardiPad.storyboard; sourceTree = "<group>"; };
		96EB6E0D20D6BB1F001492D8 /* ProfileEditBoardiPad.storyboard */ = {isa = PBXFileReference; lastKnownFileType = file.storyboard; path = ProfileEditBoardiPad.storyboard; sourceTree = "<group>"; };
		96EB6E0F20D6BB2F001492D8 /* WorkInfoEdithBoardiPad.storyboard */ = {isa = PBXFileReference; lastKnownFileType = file.storyboard; path = WorkInfoEdithBoardiPad.storyboard; sourceTree = "<group>"; };
		96EB6E1120D6BCF8001492D8 /* Custom_Label.swift */ = {isa = PBXFileReference; lastKnownFileType = sourcecode.swift; path = Custom_Label.swift; sourceTree = "<group>"; };
		96FB909B2137C81E00233DE5 /* GoogleService-Info.plist */ = {isa = PBXFileReference; fileEncoding = 4; lastKnownFileType = text.plist.xml; path = "GoogleService-Info.plist"; sourceTree = "<group>"; };
		96FF238620E538EA000E3626 /* userProfileSave.storyboard */ = {isa = PBXFileReference; fileEncoding = 4; lastKnownFileType = file.storyboard; path = userProfileSave.storyboard; sourceTree = "<group>"; };
		96FFA1B820B36F480079AAFC /* CalculationSB.storyboard */ = {isa = PBXFileReference; fileEncoding = 4; lastKnownFileType = file.storyboard; path = CalculationSB.storyboard; sourceTree = "<group>"; };
		C93E98BB1FCC685C00377B89 /* FirstNextViewController.swift */ = {isa = PBXFileReference; lastKnownFileType = sourcecode.swift; path = FirstNextViewController.swift; sourceTree = "<group>"; };
		C99610F620782A480024F8A5 /* Calculation+CoreDataClass.swift */ = {isa = PBXFileReference; fileEncoding = 4; lastKnownFileType = sourcecode.swift; path = "Calculation+CoreDataClass.swift"; sourceTree = "<group>"; };
		C99610F720782A480024F8A5 /* Calculation+CoreDataProperties.swift */ = {isa = PBXFileReference; fileEncoding = 4; lastKnownFileType = sourcecode.swift; path = "Calculation+CoreDataProperties.swift"; sourceTree = "<group>"; };
		CDA5CF46219DEE2300E9FCFF /* AppsInfoBoard.storyboard */ = {isa = PBXFileReference; lastKnownFileType = file.storyboard; path = AppsInfoBoard.storyboard; sourceTree = "<group>"; };
		CDA9A2E0219C1B3600A457B8 /* DarkTheme.swift */ = {isa = PBXFileReference; lastKnownFileType = sourcecode.swift; path = DarkTheme.swift; sourceTree = "<group>"; };
		E905295A1FDBEA2E00647967 /* MainStoryboard.storyboard */ = {isa = PBXFileReference; lastKnownFileType = file.storyboard; path = MainStoryboard.storyboard; sourceTree = "<group>"; };
		E90894CE1FC47F43001DEE07 /* FireFighters.app */ = {isa = PBXFileReference; explicitFileType = wrapper.application; includeInIndex = 0; path = FireFighters.app; sourceTree = BUILT_PRODUCTS_DIR; };
		E90894D11FC47F43001DEE07 /* AppDelegate.swift */ = {isa = PBXFileReference; lastKnownFileType = sourcecode.swift; path = AppDelegate.swift; sourceTree = "<group>"; };
		E90894D91FC47F43001DEE07 /* FireFighters.xcdatamodel */ = {isa = PBXFileReference; lastKnownFileType = wrapper.xcdatamodel; path = FireFighters.xcdatamodel; sourceTree = "<group>"; };
		E90894DB1FC47F43001DEE07 /* Assets.xcassets */ = {isa = PBXFileReference; lastKnownFileType = folder.assetcatalog; path = Assets.xcassets; sourceTree = "<group>"; };
		E90894E01FC47F43001DEE07 /* Info.plist */ = {isa = PBXFileReference; lastKnownFileType = text.plist.xml; path = Info.plist; sourceTree = "<group>"; };
		E90894E91FC48401001DEE07 /* LaunchScreen.storyboard */ = {isa = PBXFileReference; fileEncoding = 4; lastKnownFileType = file.storyboard; path = LaunchScreen.storyboard; sourceTree = "<group>"; };
		E90894EF1FC48593001DEE07 /* firstStoryBoards.storyboard */ = {isa = PBXFileReference; lastKnownFileType = file.storyboard; path = firstStoryBoards.storyboard; sourceTree = "<group>"; };
		E9100AB6205DA83000F488CD /* AuthAndRegistrationView.swift */ = {isa = PBXFileReference; lastKnownFileType = sourcecode.swift; path = AuthAndRegistrationView.swift; sourceTree = "<group>"; };
		E913E3EC2062E3340094EEB2 /* signpainter-housescript.ttf */ = {isa = PBXFileReference; lastKnownFileType = file; path = "signpainter-housescript.ttf"; sourceTree = "<group>"; };
		E920DC372046C71400E53C69 /* NoWorkHearthVC.swift */ = {isa = PBXFileReference; lastKnownFileType = sourcecode.swift; path = NoWorkHearthVC.swift; sourceTree = "<group>"; };
		E920DC412046F65200E53C69 /* ResultViewController.swift */ = {isa = PBXFileReference; lastKnownFileType = sourcecode.swift; path = ResultViewController.swift; sourceTree = "<group>"; };
		E923873B1FE3D5D600AA8078 /* CustomNavContr.swift */ = {isa = PBXFileReference; lastKnownFileType = sourcecode.swift; path = CustomNavContr.swift; sourceTree = "<group>"; };
		E923ED691FF16C2200A319B6 /* ProfileViewController.swift */ = {isa = PBXFileReference; lastKnownFileType = sourcecode.swift; path = ProfileViewController.swift; sourceTree = "<group>"; };
		E923ED6B1FF1738300A319B6 /* DocViewController.swift */ = {isa = PBXFileReference; lastKnownFileType = sourcecode.swift; path = DocViewController.swift; sourceTree = "<group>"; };
		E9347B462011044C00B20980 /* authStoryBoard.storyboard */ = {isa = PBXFileReference; lastKnownFileType = file.storyboard; path = authStoryBoard.storyboard; sourceTree = "<group>"; };
		E9458DBF2013682D00377530 /* userInfoDataBase.swift */ = {isa = PBXFileReference; lastKnownFileType = sourcecode.swift; path = userInfoDataBase.swift; sourceTree = "<group>"; };
		E9524AF22011F94900E007C8 /* authorizationVC.swift */ = {isa = PBXFileReference; lastKnownFileType = sourcecode.swift; path = authorizationVC.swift; sourceTree = "<group>"; };
		E9524AF42011FF8800E007C8 /* creatUserProfile.swift */ = {isa = PBXFileReference; lastKnownFileType = sourcecode.swift; path = creatUserProfile.swift; sourceTree = "<group>"; };
		E96429F01FCEDDF0005BB8D4 /* icon */ = {isa = PBXFileReference; lastKnownFileType = folder; path = icon; sourceTree = "<group>"; };
		E96429F11FCEDDF0005BB8D4 /* LaunchScreenImage */ = {isa = PBXFileReference; lastKnownFileType = folder; path = LaunchScreenImage; sourceTree = "<group>"; };
		E977517D2041CF9C0004F400 /* SelectTimeFireFighter.swift */ = {isa = PBXFileReference; lastKnownFileType = sourcecode.swift; path = SelectTimeFireFighter.swift; sourceTree = "<group>"; };
		E977517F2041CFAA0004F400 /* TimerViewController.swift */ = {isa = PBXFileReference; lastKnownFileType = sourcecode.swift; path = TimerViewController.swift; sourceTree = "<group>"; };
		E97751812041CFF60004F400 /* HearthViewController.swift */ = {isa = PBXFileReference; lastKnownFileType = sourcecode.swift; path = HearthViewController.swift; sourceTree = "<group>"; };
		E978EAEC1FEED7B700197057 /* CalculationViewController.swift */ = {isa = PBXFileReference; lastKnownFileType = sourcecode.swift; path = CalculationViewController.swift; sourceTree = "<group>"; };
		E97B9D241FF2BEA100542C6C /* Custom_ProfileCell.swift */ = {isa = PBXFileReference; lastKnownFileType = sourcecode.swift; path = Custom_ProfileCell.swift; sourceTree = "<group>"; };
		E9B278D2202CE8BC00FA89EE /* CalculationsFile.swift */ = {isa = PBXFileReference; lastKnownFileType = sourcecode.swift; path = CalculationsFile.swift; sourceTree = "<group>"; };
		E9BEDB481FC4A3CF00DAD26E /* FirstViewController.swift */ = {isa = PBXFileReference; lastKnownFileType = sourcecode.swift; path = FirstViewController.swift; sourceTree = "<group>"; };
		E9C788331FD82DE7009F98F2 /* UserProfile+CoreDataClass.swift */ = {isa = PBXFileReference; lastKnownFileType = sourcecode.swift; path = "UserProfile+CoreDataClass.swift"; sourceTree = "<group>"; };
		E9C788341FD82DE7009F98F2 /* UserProfile+CoreDataProperties.swift */ = {isa = PBXFileReference; lastKnownFileType = sourcecode.swift; path = "UserProfile+CoreDataProperties.swift"; sourceTree = "<group>"; };
		E9F31F511FDDB056001D74B9 /* MainViewController.swift */ = {isa = PBXFileReference; lastKnownFileType = sourcecode.swift; path = MainViewController.swift; sourceTree = "<group>"; };
/* End PBXFileReference section */

/* Begin PBXFrameworksBuildPhase section */
		E90894CB1FC47F43001DEE07 /* Frameworks */ = {
			isa = PBXFrameworksBuildPhase;
			buildActionMask = 2147483647;
			files = (
				5C1CDF97F3166225AC3A56CE /* Pods_FireFighters.framework in Frameworks */,
			);
			runOnlyForDeploymentPostprocessing = 0;
		};
/* End PBXFrameworksBuildPhase section */

/* Begin PBXGroup section */
		15514244958C7E689F4D7D1C /* Pods */ = {
			isa = PBXGroup;
			children = (
				7BE6FE637E4589DB5C62AD11 /* Pods-FireFighters.debug.xcconfig */,
				3AC3D33ED9941FE8757C2361 /* Pods-FireFighters.release.xcconfig */,
			);
			name = Pods;
			sourceTree = "<group>";
		};
		961D21AF20FABC4D00CAB75C /* Authorization */ = {
			isa = PBXGroup;
			children = (
				961D21B220FABC7A00CAB75C /* Controller */,
				961D21B120FABC7400CAB75C /* View */,
				961D21B020FABC6A00CAB75C /* Model */,
			);
			path = Authorization;
			sourceTree = "<group>";
		};
		961D21B020FABC6A00CAB75C /* Model */ = {
			isa = PBXGroup;
			children = (
				96C699B620DBF4F300DF7578 /* getFirebaseData.swift */,
			);
			path = Model;
			sourceTree = "<group>";
		};
		961D21B120FABC7400CAB75C /* View */ = {
			isa = PBXGroup;
			children = (
				E9347B462011044C00B20980 /* authStoryBoard.storyboard */,
				96EAB7522110F3610054333F /* AuthNavigationViewController.swift */,
			);
			path = View;
			sourceTree = "<group>";
		};
		961D21B220FABC7A00CAB75C /* Controller */ = {
			isa = PBXGroup;
			children = (
				E9100AB6205DA83000F488CD /* AuthAndRegistrationView.swift */,
				E9524AF22011F94900E007C8 /* authorizationVC.swift */,
			);
			path = Controller;
			sourceTree = "<group>";
		};
		961D21B320FABCD300CAB75C /* Registration */ = {
			isa = PBXGroup;
			children = (
				961D21B620FABCE800CAB75C /* Controller */,
				961D21B520FABCDE00CAB75C /* View */,
				961D21B420FABCD900CAB75C /* Model */,
			);
			path = Registration;
			sourceTree = "<group>";
		};
		961D21B420FABCD900CAB75C /* Model */ = {
			isa = PBXGroup;
			children = (
				E9458DBF2013682D00377530 /* userInfoDataBase.swift */,
			);
			path = Model;
			sourceTree = "<group>";
		};
		961D21B520FABCDE00CAB75C /* View */ = {
			isa = PBXGroup;
			children = (
				E90894EF1FC48593001DEE07 /* firstStoryBoards.storyboard */,
				96FF238620E538EA000E3626 /* userProfileSave.storyboard */,
			);
			path = View;
			sourceTree = "<group>";
		};
		961D21B620FABCE800CAB75C /* Controller */ = {
			isa = PBXGroup;
			children = (
				E9524AF42011FF8800E007C8 /* creatUserProfile.swift */,
				E9BEDB481FC4A3CF00DAD26E /* FirstViewController.swift */,
				C93E98BB1FCC685C00377B89 /* FirstNextViewController.swift */,
			);
			path = Controller;
			sourceTree = "<group>";
		};
		961D21B720FABDDE00CAB75C /* Editing */ = {
			isa = PBXGroup;
			children = (
				961D21BA20FABE0700CAB75C /* Controller */,
				961D21B920FABDFF00CAB75C /* View */,
				961D21B820FABDF800CAB75C /* Model */,
			);
			path = Editing;
			sourceTree = "<group>";
		};
		961D21B820FABDF800CAB75C /* Model */ = {
			isa = PBXGroup;
			children = (
			);
			path = Model;
			sourceTree = "<group>";
		};
		961D21B920FABDFF00CAB75C /* View */ = {
			isa = PBXGroup;
			children = (
				96BC9DC920A610D5002E9ADB /* ProfileEditBoard.storyboard */,
				96BC9DD020A6172B002E9ADB /* WorkInfoEdithBoard.storyboard */,
				CDA5CF46219DEE2300E9FCFF /* AppsInfoBoard.storyboard */,
			);
			path = View;
			sourceTree = "<group>";
		};
		961D21BA20FABE0700CAB75C /* Controller */ = {
			isa = PBXGroup;
			children = (
				96BC9DCC20A6115A002E9ADB /* EditProfileInfoVC.swift */,
				96BC9DCE20A61186002E9ADB /* WorkInfoEdithVC.swift */,
			);
			path = Controller;
			sourceTree = "<group>";
		};
		961D21BB20FABE3900CAB75C /* Main */ = {
			isa = PBXGroup;
			children = (
				961D21BE20FABE4E00CAB75C /* Controller */,
				961D21BD20FABE4800CAB75C /* View */,
				961D21BC20FABE3F00CAB75C /* Model */,
			);
			path = Main;
			sourceTree = "<group>";
		};
		961D21BC20FABE3F00CAB75C /* Model */ = {
			isa = PBXGroup;
			children = (
			);
			path = Model;
			sourceTree = "<group>";
		};
		961D21BD20FABE4800CAB75C /* View */ = {
			isa = PBXGroup;
			children = (
				E905295A1FDBEA2E00647967 /* MainStoryboard.storyboard */,
				E97B9D241FF2BEA100542C6C /* Custom_ProfileCell.swift */,
			);
			path = View;
			sourceTree = "<group>";
		};
		961D21BE20FABE4E00CAB75C /* Controller */ = {
			isa = PBXGroup;
			children = (
				E9F31F511FDDB056001D74B9 /* MainViewController.swift */,
				E978EAEC1FEED7B700197057 /* CalculationViewController.swift */,
				E923ED691FF16C2200A319B6 /* ProfileViewController.swift */,
				E923ED6B1FF1738300A319B6 /* DocViewController.swift */,
			);
			path = Controller;
			sourceTree = "<group>";
		};
		961D21BF20FABE8000CAB75C /* Calculation */ = {
			isa = PBXGroup;
			children = (
				961D21C220FABEA300CAB75C /* Controller */,
				961D21C120FABE9D00CAB75C /* View */,
				961D21C020FABE9700CAB75C /* Model */,
			);
			path = Calculation;
			sourceTree = "<group>";
		};
		961D21C020FABE9700CAB75C /* Model */ = {
			isa = PBXGroup;
			children = (
				E9B278D2202CE8BC00FA89EE /* CalculationsFile.swift */,
				96622DE72090F7280046AF46 /* ResultTextFile.swift */,
			);
			path = Model;
			sourceTree = "<group>";
		};
		961D21C120FABE9D00CAB75C /* View */ = {
			isa = PBXGroup;
			children = (
				96FFA1B820B36F480079AAFC /* CalculationSB.storyboard */,
			);
			path = View;
			sourceTree = "<group>";
		};
		961D21C220FABEA300CAB75C /* Controller */ = {
			isa = PBXGroup;
			children = (
				E977517D2041CF9C0004F400 /* SelectTimeFireFighter.swift */,
				E920DC372046C71400E53C69 /* NoWorkHearthVC.swift */,
				E920DC412046F65200E53C69 /* ResultViewController.swift */,
				E977517F2041CFAA0004F400 /* TimerViewController.swift */,
				E97751812041CFF60004F400 /* HearthViewController.swift */,
				96253C652095DB74006F7C8D /* DecisionProgressVC.swift */,
			);
			path = Controller;
			sourceTree = "<group>";
		};
		961D21C320FABF7700CAB75C /* iPhoneView */ = {
			isa = PBXGroup;
			children = (
				961D21AF20FABC4D00CAB75C /* Authorization */,
				961D21B320FABCD300CAB75C /* Registration */,
				961D21B720FABDDE00CAB75C /* Editing */,
				961D21BB20FABE3900CAB75C /* Main */,
				961D21BF20FABE8000CAB75C /* Calculation */,
			);
			path = iPhoneView;
			sourceTree = "<group>";
		};
		961D21C420FAC34900CAB75C /* iPadView */ = {
			isa = PBXGroup;
			children = (
				96EB6E0220D69F17001492D8 /* iPadDevice */,
			);
			path = iPadView;
			sourceTree = "<group>";
		};
		96EB6E0220D69F17001492D8 /* iPadDevice */ = {
			isa = PBXGroup;
			children = (
				96EB6E0520D6BAC3001492D8 /* authStoryBoardiPad.storyboard */,
				96EB6E0720D6BADA001492D8 /* firstStoryBoardiPad.storyboard */,
				96EB6E0920D6BAE9001492D8 /* MainStoryBoardiPad.storyboard */,
				96EB6E0B20D6BB05001492D8 /* CalculationStoryBoardiPad.storyboard */,
				96EB6E0D20D6BB1F001492D8 /* ProfileEditBoardiPad.storyboard */,
				96EB6E0F20D6BB2F001492D8 /* WorkInfoEdithBoardiPad.storyboard */,
			);
			path = iPadDevice;
			sourceTree = "<group>";
		};
		E90894C51FC47F43001DEE07 = {
			isa = PBXGroup;
			children = (
				969AA0EF210118BA0075899A /* Podfile */,
				E90894D01FC47F43001DEE07 /* FireFighters */,
				E90894CF1FC47F43001DEE07 /* Products */,
				E90894E61FC47F6F001DEE07 /* Frameworks */,
				15514244958C7E689F4D7D1C /* Pods */,
			);
			sourceTree = "<group>";
		};
		E90894CF1FC47F43001DEE07 /* Products */ = {
			isa = PBXGroup;
			children = (
				E90894CE1FC47F43001DEE07 /* FireFighters.app */,
			);
			name = Products;
			sourceTree = "<group>";
		};
		E90894D01FC47F43001DEE07 /* FireFighters */ = {
			isa = PBXGroup;
			children = (
				961D21C420FAC34900CAB75C /* iPadView */,
				961D21C320FABF7700CAB75C /* iPhoneView */,
				E9458DBE201367D400377530 /* FirebaseFile */,
				E90894EE1FC4855D001DEE07 /* CustomFile */,
				E90894ED1FC48553001DEE07 /* Core Data File */,
				E96429F01FCEDDF0005BB8D4 /* icon */,
				E96429F11FCEDDF0005BB8D4 /* LaunchScreenImage */,
				961D21C720FAC41500CAB75C /* FireFighters.entitlements */,
				96FB909B2137C81E00233DE5 /* GoogleService-Info.plist */,
				E90894D11FC47F43001DEE07 /* AppDelegate.swift */,
				E90894E01FC47F43001DEE07 /* Info.plist */,
				E913E3EC2062E3340094EEB2 /* signpainter-housescript.ttf */,
				E90894DB1FC47F43001DEE07 /* Assets.xcassets */,
				E90894E91FC48401001DEE07 /* LaunchScreen.storyboard */,
			);
			path = FireFighters;
			sourceTree = "<group>";
		};
		E90894E61FC47F6F001DEE07 /* Frameworks */ = {
			isa = PBXGroup;
			children = (
				46B8FC0CBE44D4CFCCDCB760 /* Pods_FireFighters.framework */,
			);
			name = Frameworks;
			sourceTree = "<group>";
		};
		E90894ED1FC48553001DEE07 /* Core Data File */ = {
			isa = PBXGroup;
			children = (
				E90894D81FC47F43001DEE07 /* FireFighters.xcdatamodeld */,
				C99610F620782A480024F8A5 /* Calculation+CoreDataClass.swift */,
				C99610F720782A480024F8A5 /* Calculation+CoreDataProperties.swift */,
				E9C788331FD82DE7009F98F2 /* UserProfile+CoreDataClass.swift */,
				E9C788341FD82DE7009F98F2 /* UserProfile+CoreDataProperties.swift */,
			);
			path = "Core Data File";
			sourceTree = "<group>";
		};
		E90894EE1FC4855D001DEE07 /* CustomFile */ = {
			isa = PBXGroup;
			children = (
				E923873B1FE3D5D600AA8078 /* CustomNavContr.swift */,
				96C9A13020C9BED300EC1B1F /* Custom_Image.swift */,
				96C9A13220C9BEEF00EC1B1F /* Custom_Button.swift */,
				96C9A13420C9BF3C00EC1B1F /* Custom_Date.swift */,
				96C9A13620C9BF6700EC1B1F /* Custom_TextField.swift */,
				96C9A13820C9BF8B00EC1B1F /* Custom_View.swift */,
				96C9A13A20C9BFDB00EC1B1F /* Custom_Layer.swift */,
				96C9A13C20C9C00100EC1B1F /* Custom_String.swift */,
				96C5070420D199E300984F41 /* Custom_DataPicker.swift */,
				96EB6E1120D6BCF8001492D8 /* Custom_Label.swift */,
				963ED56D20DF9C3000EF6ECF /* Custom_AlertController.swift */,
				963ED57120DFB94F00EF6ECF /* Custom_TabBar.swift */,
				CDA9A2E0219C1B3600A457B8 /* DarkTheme.swift */,
			);
			path = CustomFile;
			sourceTree = "<group>";
		};
		E9458DBE201367D400377530 /* FirebaseFile */ = {
			isa = PBXGroup;
			children = (
				96C9A13E20C9C56A00EC1B1F /* getFirebaseInfo.swift */,
				96C699B420DBF4E500DF7578 /* Firebase_Errors.swift */,
			);
			path = FirebaseFile;
			sourceTree = "<group>";
		};
/* End PBXGroup section */

/* Begin PBXNativeTarget section */
		E90894CD1FC47F43001DEE07 /* FireFighters */ = {
			isa = PBXNativeTarget;
			buildConfigurationList = E90894E31FC47F43001DEE07 /* Build configuration list for PBXNativeTarget "FireFighters" */;
			buildPhases = (
				13DBDEFD4DFEFC242F5DC73C /* [CP] Check Pods Manifest.lock */,
				E90894CA1FC47F43001DEE07 /* Sources */,
				E90894CB1FC47F43001DEE07 /* Frameworks */,
				E90894CC1FC47F43001DEE07 /* Resources */,
				BE11496386C832B2174C7115 /* [CP] Embed Pods Frameworks */,
			);
			buildRules = (
			);
			dependencies = (
			);
			name = FireFighters;
			productName = FireFighters;
			productReference = E90894CE1FC47F43001DEE07 /* FireFighters.app */;
			productType = "com.apple.product-type.application";
		};
/* End PBXNativeTarget section */

/* Begin PBXProject section */
		E90894C61FC47F43001DEE07 /* Project object */ = {
			isa = PBXProject;
			attributes = {
				LastSwiftUpdateCheck = 0910;
				LastUpgradeCheck = 0930;
				ORGANIZATIONNAME = "Павел";
				TargetAttributes = {
					E90894CD1FC47F43001DEE07 = {
						CreatedOnToolsVersion = 9.1;
						LastSwiftMigration = 1000;
						ProvisioningStyle = Automatic;
						SystemCapabilities = {
							com.apple.BackgroundModes = {
								enabled = 1;
							};
							com.apple.Keychain = {
								enabled = 1;
							};
							com.apple.Maps.iOS = {
								enabled = 0;
							};
							com.apple.Push = {
								enabled = 1;
							};
						};
					};
				};
			};
			buildConfigurationList = E90894C91FC47F43001DEE07 /* Build configuration list for PBXProject "FireFighters" */;
			compatibilityVersion = "Xcode 8.0";
			developmentRegion = en;
			hasScannedForEncodings = 0;
			knownRegions = (
				en,
				Base,
			);
			mainGroup = E90894C51FC47F43001DEE07;
			productRefGroup = E90894CF1FC47F43001DEE07 /* Products */;
			projectDirPath = "";
			projectRoot = "";
			targets = (
				E90894CD1FC47F43001DEE07 /* FireFighters */,
			);
		};
/* End PBXProject section */

/* Begin PBXResourcesBuildPhase section */
		E90894CC1FC47F43001DEE07 /* Resources */ = {
			isa = PBXResourcesBuildPhase;
			buildActionMask = 2147483647;
			files = (
				E905295B1FDBEA2E00647967 /* MainStoryboard.storyboard in Resources */,
				96EB6E0C20D6BB05001492D8 /* CalculationStoryBoardiPad.storyboard in Resources */,
				E96429F31FCEDDF0005BB8D4 /* LaunchScreenImage in Resources */,
				CDA5CF47219DEE2300E9FCFF /* AppsInfoBoard.storyboard in Resources */,
				E90894EA1FC48401001DEE07 /* LaunchScreen.storyboard in Resources */,
				E9347B472011044C00B20980 /* authStoryBoard.storyboard in Resources */,
				96BC9DCA20A610D5002E9ADB /* ProfileEditBoard.storyboard in Resources */,
				96EB6E0E20D6BB1F001492D8 /* ProfileEditBoardiPad.storyboard in Resources */,
				96EB6E1020D6BB2F001492D8 /* WorkInfoEdithBoardiPad.storyboard in Resources */,
				E96429F21FCEDDF0005BB8D4 /* icon in Resources */,
				96EB6E0820D6BADA001492D8 /* firstStoryBoardiPad.storyboard in Resources */,
				969AA0F0210118BA0075899A /* Podfile in Resources */,
				96FB909C2137C81E00233DE5 /* GoogleService-Info.plist in Resources */,
				E90894F01FC48593001DEE07 /* firstStoryBoards.storyboard in Resources */,
				96FF238720E538EA000E3626 /* userProfileSave.storyboard in Resources */,
				96EB6E0620D6BAC3001492D8 /* authStoryBoardiPad.storyboard in Resources */,
				96FFA1B920B36F480079AAFC /* CalculationSB.storyboard in Resources */,
				96EB6E0A20D6BAE9001492D8 /* MainStoryBoardiPad.storyboard in Resources */,
				E90894DC1FC47F43001DEE07 /* Assets.xcassets in Resources */,
				96BC9DD120A6172B002E9ADB /* WorkInfoEdithBoard.storyboard in Resources */,
			);
			runOnlyForDeploymentPostprocessing = 0;
		};
/* End PBXResourcesBuildPhase section */

/* Begin PBXShellScriptBuildPhase section */
		13DBDEFD4DFEFC242F5DC73C /* [CP] Check Pods Manifest.lock */ = {
			isa = PBXShellScriptBuildPhase;
			buildActionMask = 2147483647;
			files = (
			);
			inputPaths = (
				"${PODS_PODFILE_DIR_PATH}/Podfile.lock",
				"${PODS_ROOT}/Manifest.lock",
			);
			name = "[CP] Check Pods Manifest.lock";
			outputPaths = (
				"$(DERIVED_FILE_DIR)/Pods-FireFighters-checkManifestLockResult.txt",
			);
			runOnlyForDeploymentPostprocessing = 0;
			shellPath = /bin/sh;
			shellScript = "diff \"${PODS_PODFILE_DIR_PATH}/Podfile.lock\" \"${PODS_ROOT}/Manifest.lock\" > /dev/null\nif [ $? != 0 ] ; then\n    # print error to STDERR\n    echo \"error: The sandbox is not in sync with the Podfile.lock. Run 'pod install' or update your CocoaPods installation.\" >&2\n    exit 1\nfi\n# This output is used by Xcode 'outputs' to avoid re-running this script phase.\necho \"SUCCESS\" > \"${SCRIPT_OUTPUT_FILE_0}\"\n";
			showEnvVarsInLog = 0;
		};
		BE11496386C832B2174C7115 /* [CP] Embed Pods Frameworks */ = {
			isa = PBXShellScriptBuildPhase;
			buildActionMask = 2147483647;
			files = (
			);
			inputPaths = (
				"${PODS_ROOT}/Target Support Files/Pods-FireFighters/Pods-FireFighters-frameworks.sh",
				"${BUILT_PRODUCTS_DIR}/GTMSessionFetcher/GTMSessionFetcher.framework",
				"${BUILT_PRODUCTS_DIR}/GoogleUtilities/GoogleUtilities.framework",
				"${BUILT_PRODUCTS_DIR}/IQKeyboardManagerSwift/IQKeyboardManagerSwift.framework",
				"${BUILT_PRODUCTS_DIR}/Locksmith/Locksmith.framework",
				"${BUILT_PRODUCTS_DIR}/MBProgressHUD/MBProgressHUD.framework",
				"${BUILT_PRODUCTS_DIR}/Protobuf/Protobuf.framework",
				"${BUILT_PRODUCTS_DIR}/ReachabilitySwift/Reachability.framework",
				"${BUILT_PRODUCTS_DIR}/leveldb-library/leveldb.framework",
				"${BUILT_PRODUCTS_DIR}/nanopb/nanopb.framework",
			);
			name = "[CP] Embed Pods Frameworks";
			outputPaths = (
				"${TARGET_BUILD_DIR}/${FRAMEWORKS_FOLDER_PATH}/GTMSessionFetcher.framework",
				"${TARGET_BUILD_DIR}/${FRAMEWORKS_FOLDER_PATH}/GoogleUtilities.framework",
				"${TARGET_BUILD_DIR}/${FRAMEWORKS_FOLDER_PATH}/IQKeyboardManagerSwift.framework",
				"${TARGET_BUILD_DIR}/${FRAMEWORKS_FOLDER_PATH}/Locksmith.framework",
				"${TARGET_BUILD_DIR}/${FRAMEWORKS_FOLDER_PATH}/MBProgressHUD.framework",
				"${TARGET_BUILD_DIR}/${FRAMEWORKS_FOLDER_PATH}/Protobuf.framework",
				"${TARGET_BUILD_DIR}/${FRAMEWORKS_FOLDER_PATH}/Reachability.framework",
				"${TARGET_BUILD_DIR}/${FRAMEWORKS_FOLDER_PATH}/leveldb.framework",
				"${TARGET_BUILD_DIR}/${FRAMEWORKS_FOLDER_PATH}/nanopb.framework",
			);
			runOnlyForDeploymentPostprocessing = 0;
			shellPath = /bin/sh;
			shellScript = "\"${PODS_ROOT}/Target Support Files/Pods-FireFighters/Pods-FireFighters-frameworks.sh\"\n";
			showEnvVarsInLog = 0;
		};
/* End PBXShellScriptBuildPhase section */

/* Begin PBXSourcesBuildPhase section */
		E90894CA1FC47F43001DEE07 /* Sources */ = {
			isa = PBXSourcesBuildPhase;
			buildActionMask = 2147483647;
			files = (
				96C5070520D199E300984F41 /* Custom_DataPicker.swift in Sources */,
				96C9A13520C9BF3C00EC1B1F /* Custom_Date.swift in Sources */,
				E97751822041CFF60004F400 /* HearthViewController.swift in Sources */,
				96BC9DCD20A6115A002E9ADB /* EditProfileInfoVC.swift in Sources */,
				96C9A13B20C9BFDB00EC1B1F /* Custom_Layer.swift in Sources */,
				E9C788361FD82DE7009F98F2 /* UserProfile+CoreDataProperties.swift in Sources */,
				96C9A13320C9BEEF00EC1B1F /* Custom_Button.swift in Sources */,
				96BC9DCF20A61186002E9ADB /* WorkInfoEdithVC.swift in Sources */,
				96C9A13920C9BF8B00EC1B1F /* Custom_View.swift in Sources */,
				96C9A13720C9BF6700EC1B1F /* Custom_TextField.swift in Sources */,
				963ED56E20DF9C3000EF6ECF /* Custom_AlertController.swift in Sources */,
				96EB6E1220D6BCF8001492D8 /* Custom_Label.swift in Sources */,
				C99610F820782A480024F8A5 /* Calculation+CoreDataClass.swift in Sources */,
				96C9A13F20C9C56A00EC1B1F /* getFirebaseInfo.swift in Sources */,
				E978EAED1FEED7B700197057 /* CalculationViewController.swift in Sources */,
				E9100AB7205DA83000F488CD /* AuthAndRegistrationView.swift in Sources */,
				E9BEDB491FC4A3CF00DAD26E /* FirstViewController.swift in Sources */,
				96C9A13D20C9C00100EC1B1F /* Custom_String.swift in Sources */,
				E9B278D3202CE8BC00FA89EE /* CalculationsFile.swift in Sources */,
				E90894D21FC47F43001DEE07 /* AppDelegate.swift in Sources */,
				C93E98BC1FCC685D00377B89 /* FirstNextViewController.swift in Sources */,
				E9524AF52011FF8800E007C8 /* creatUserProfile.swift in Sources */,
				E977517E2041CF9C0004F400 /* SelectTimeFireFighter.swift in Sources */,
				96253C662095DB74006F7C8D /* DecisionProgressVC.swift in Sources */,
				E923ED6A1FF16C2200A319B6 /* ProfileViewController.swift in Sources */,
				E923ED6C1FF1738300A319B6 /* DocViewController.swift in Sources */,
				96C9A13120C9BED300EC1B1F /* Custom_Image.swift in Sources */,
				E97751802041CFAA0004F400 /* TimerViewController.swift in Sources */,
				C99610F920782A480024F8A5 /* Calculation+CoreDataProperties.swift in Sources */,
				96EAB7532110F3610054333F /* AuthNavigationViewController.swift in Sources */,
				963ED57220DFB94F00EF6ECF /* Custom_TabBar.swift in Sources */,
				CDA9A2E1219C1B3600A457B8 /* DarkTheme.swift in Sources */,
				E9C788351FD82DE7009F98F2 /* UserProfile+CoreDataClass.swift in Sources */,
				E9524AF32011F94900E007C8 /* authorizationVC.swift in Sources */,
				E90894DA1FC47F43001DEE07 /* FireFighters.xcdatamodeld in Sources */,
				E920DC382046C71400E53C69 /* NoWorkHearthVC.swift in Sources */,
				96C699B520DBF4E500DF7578 /* Firebase_Errors.swift in Sources */,
				E920DC422046F65200E53C69 /* ResultViewController.swift in Sources */,
				E9F31F521FDDB056001D74B9 /* MainViewController.swift in Sources */,
				E97B9D251FF2BEA100542C6C /* Custom_ProfileCell.swift in Sources */,
				E923873C1FE3D5D600AA8078 /* CustomNavContr.swift in Sources */,
				96622DE82090F7280046AF46 /* ResultTextFile.swift in Sources */,
				96C699B720DBF4F300DF7578 /* getFirebaseData.swift in Sources */,
				E9458DC02013682D00377530 /* userInfoDataBase.swift in Sources */,
			);
			runOnlyForDeploymentPostprocessing = 0;
		};
/* End PBXSourcesBuildPhase section */

/* Begin XCBuildConfiguration section */
		E90894E11FC47F43001DEE07 /* Debug */ = {
			isa = XCBuildConfiguration;
			buildSettings = {
				ALWAYS_SEARCH_USER_PATHS = NO;
				CLANG_ANALYZER_NONNULL = YES;
				CLANG_ANALYZER_NUMBER_OBJECT_CONVERSION = YES_AGGRESSIVE;
				CLANG_CXX_LANGUAGE_STANDARD = "gnu++14";
				CLANG_CXX_LIBRARY = "libc++";
				CLANG_ENABLE_MODULES = YES;
				CLANG_ENABLE_OBJC_ARC = YES;
				CLANG_WARN_BLOCK_CAPTURE_AUTORELEASING = YES;
				CLANG_WARN_BOOL_CONVERSION = YES;
				CLANG_WARN_COMMA = YES;
				CLANG_WARN_CONSTANT_CONVERSION = YES;
				CLANG_WARN_DEPRECATED_OBJC_IMPLEMENTATIONS = YES;
				CLANG_WARN_DIRECT_OBJC_ISA_USAGE = YES_ERROR;
				CLANG_WARN_DOCUMENTATION_COMMENTS = YES;
				CLANG_WARN_EMPTY_BODY = YES;
				CLANG_WARN_ENUM_CONVERSION = YES;
				CLANG_WARN_INFINITE_RECURSION = YES;
				CLANG_WARN_INT_CONVERSION = YES;
				CLANG_WARN_NON_LITERAL_NULL_CONVERSION = YES;
				CLANG_WARN_OBJC_IMPLICIT_RETAIN_SELF = YES;
				CLANG_WARN_OBJC_LITERAL_CONVERSION = YES;
				CLANG_WARN_OBJC_ROOT_CLASS = YES_ERROR;
				CLANG_WARN_RANGE_LOOP_ANALYSIS = YES;
				CLANG_WARN_STRICT_PROTOTYPES = YES;
				CLANG_WARN_SUSPICIOUS_MOVE = YES;
				CLANG_WARN_UNGUARDED_AVAILABILITY = YES_AGGRESSIVE;
				CLANG_WARN_UNREACHABLE_CODE = YES;
				CLANG_WARN__DUPLICATE_METHOD_MATCH = YES;
				CODE_SIGN_IDENTITY = "iPhone Developer";
				COPY_PHASE_STRIP = NO;
				DEBUG_INFORMATION_FORMAT = dwarf;
				ENABLE_STRICT_OBJC_MSGSEND = YES;
				ENABLE_TESTABILITY = YES;
				GCC_C_LANGUAGE_STANDARD = gnu11;
				GCC_DYNAMIC_NO_PIC = NO;
				GCC_NO_COMMON_BLOCKS = YES;
				GCC_OPTIMIZATION_LEVEL = 0;
				GCC_PREPROCESSOR_DEFINITIONS = (
					"DEBUG=1",
					"$(inherited)",
				);
				GCC_WARN_64_TO_32_BIT_CONVERSION = YES;
				GCC_WARN_ABOUT_RETURN_TYPE = YES_ERROR;
				GCC_WARN_UNDECLARED_SELECTOR = YES;
				GCC_WARN_UNINITIALIZED_AUTOS = YES_AGGRESSIVE;
				GCC_WARN_UNUSED_FUNCTION = YES;
				GCC_WARN_UNUSED_VARIABLE = YES;
				IPHONEOS_DEPLOYMENT_TARGET = 11.1;
				MTL_ENABLE_DEBUG_INFO = YES;
				ONLY_ACTIVE_ARCH = YES;
				SDKROOT = iphoneos;
				SWIFT_ACTIVE_COMPILATION_CONDITIONS = DEBUG;
				SWIFT_OPTIMIZATION_LEVEL = "-Onone";
			};
			name = Debug;
		};
		E90894E21FC47F43001DEE07 /* Release */ = {
			isa = XCBuildConfiguration;
			buildSettings = {
				ALWAYS_SEARCH_USER_PATHS = NO;
				CLANG_ANALYZER_NONNULL = YES;
				CLANG_ANALYZER_NUMBER_OBJECT_CONVERSION = YES_AGGRESSIVE;
				CLANG_CXX_LANGUAGE_STANDARD = "gnu++14";
				CLANG_CXX_LIBRARY = "libc++";
				CLANG_ENABLE_MODULES = YES;
				CLANG_ENABLE_OBJC_ARC = YES;
				CLANG_WARN_BLOCK_CAPTURE_AUTORELEASING = YES;
				CLANG_WARN_BOOL_CONVERSION = YES;
				CLANG_WARN_COMMA = YES;
				CLANG_WARN_CONSTANT_CONVERSION = YES;
				CLANG_WARN_DEPRECATED_OBJC_IMPLEMENTATIONS = YES;
				CLANG_WARN_DIRECT_OBJC_ISA_USAGE = YES_ERROR;
				CLANG_WARN_DOCUMENTATION_COMMENTS = YES;
				CLANG_WARN_EMPTY_BODY = YES;
				CLANG_WARN_ENUM_CONVERSION = YES;
				CLANG_WARN_INFINITE_RECURSION = YES;
				CLANG_WARN_INT_CONVERSION = YES;
				CLANG_WARN_NON_LITERAL_NULL_CONVERSION = YES;
				CLANG_WARN_OBJC_IMPLICIT_RETAIN_SELF = YES;
				CLANG_WARN_OBJC_LITERAL_CONVERSION = YES;
				CLANG_WARN_OBJC_ROOT_CLASS = YES_ERROR;
				CLANG_WARN_RANGE_LOOP_ANALYSIS = YES;
				CLANG_WARN_STRICT_PROTOTYPES = YES;
				CLANG_WARN_SUSPICIOUS_MOVE = YES;
				CLANG_WARN_UNGUARDED_AVAILABILITY = YES_AGGRESSIVE;
				CLANG_WARN_UNREACHABLE_CODE = YES;
				CLANG_WARN__DUPLICATE_METHOD_MATCH = YES;
				CODE_SIGN_IDENTITY = "iPhone Developer";
				COPY_PHASE_STRIP = NO;
				DEBUG_INFORMATION_FORMAT = "dwarf-with-dsym";
				ENABLE_NS_ASSERTIONS = NO;
				ENABLE_STRICT_OBJC_MSGSEND = YES;
				GCC_C_LANGUAGE_STANDARD = gnu11;
				GCC_NO_COMMON_BLOCKS = YES;
				GCC_WARN_64_TO_32_BIT_CONVERSION = YES;
				GCC_WARN_ABOUT_RETURN_TYPE = YES_ERROR;
				GCC_WARN_UNDECLARED_SELECTOR = YES;
				GCC_WARN_UNINITIALIZED_AUTOS = YES_AGGRESSIVE;
				GCC_WARN_UNUSED_FUNCTION = YES;
				GCC_WARN_UNUSED_VARIABLE = YES;
				IPHONEOS_DEPLOYMENT_TARGET = 11.1;
				MTL_ENABLE_DEBUG_INFO = NO;
				SDKROOT = iphoneos;
				SWIFT_OPTIMIZATION_LEVEL = "-Owholemodule";
				VALIDATE_PRODUCT = YES;
			};
			name = Release;
		};
		E90894E41FC47F43001DEE07 /* Debug */ = {
			isa = XCBuildConfiguration;
			baseConfigurationReference = 7BE6FE637E4589DB5C62AD11 /* Pods-FireFighters.debug.xcconfig */;
			buildSettings = {
				ASSETCATALOG_COMPILER_APPICON_NAME = AppIcon;
				CODE_SIGN_ENTITLEMENTS = FireFighters/FireFighters.entitlements;
				CODE_SIGN_IDENTITY = "iPhone Developer";
				CODE_SIGN_STYLE = Automatic;
				DEVELOPMENT_TEAM = GVA5J44S8J;
				INFOPLIST_FILE = FireFighters/Info.plist;
				IPHONEOS_DEPLOYMENT_TARGET = 11.2;
				LD_RUNPATH_SEARCH_PATHS = "$(inherited) @executable_path/Frameworks";
				PRODUCT_BUNDLE_IDENTIFIER = "Shoki-Dev.FireFighters";
				PRODUCT_NAME = "$(TARGET_NAME)";
				PROVISIONING_PROFILE_SPECIFIER = "";
				SWIFT_VERSION = 4.2;
				TARGETED_DEVICE_FAMILY = "1,2";
			};
			name = Debug;
		};
		E90894E51FC47F43001DEE07 /* Release */ = {
			isa = XCBuildConfiguration;
			baseConfigurationReference = 3AC3D33ED9941FE8757C2361 /* Pods-FireFighters.release.xcconfig */;
			buildSettings = {
				ASSETCATALOG_COMPILER_APPICON_NAME = AppIcon;
				CODE_SIGN_ENTITLEMENTS = FireFighters/FireFighters.entitlements;
				CODE_SIGN_IDENTITY = "iPhone Developer";
				CODE_SIGN_STYLE = Automatic;
				DEVELOPMENT_TEAM = GVA5J44S8J;
				INFOPLIST_FILE = FireFighters/Info.plist;
				IPHONEOS_DEPLOYMENT_TARGET = 11.2;
				LD_RUNPATH_SEARCH_PATHS = "$(inherited) @executable_path/Frameworks";
				PRODUCT_BUNDLE_IDENTIFIER = "Shoki-Dev.FireFighters";
				PRODUCT_NAME = "$(TARGET_NAME)";
				PROVISIONING_PROFILE_SPECIFIER = "";
				SWIFT_VERSION = 4.2;
				TARGETED_DEVICE_FAMILY = "1,2";
			};
			name = Release;
		};
/* End XCBuildConfiguration section */

/* Begin XCConfigurationList section */
		E90894C91FC47F43001DEE07 /* Build configuration list for PBXProject "FireFighters" */ = {
			isa = XCConfigurationList;
			buildConfigurations = (
				E90894E11FC47F43001DEE07 /* Debug */,
				E90894E21FC47F43001DEE07 /* Release */,
			);
			defaultConfigurationIsVisible = 0;
			defaultConfigurationName = Release;
		};
		E90894E31FC47F43001DEE07 /* Build configuration list for PBXNativeTarget "FireFighters" */ = {
			isa = XCConfigurationList;
			buildConfigurations = (
				E90894E41FC47F43001DEE07 /* Debug */,
				E90894E51FC47F43001DEE07 /* Release */,
			);
			defaultConfigurationIsVisible = 0;
			defaultConfigurationName = Release;
		};
/* End XCConfigurationList section */

/* Begin XCVersionGroup section */
		E90894D81FC47F43001DEE07 /* FireFighters.xcdatamodeld */ = {
			isa = XCVersionGroup;
			children = (
				E90894D91FC47F43001DEE07 /* FireFighters.xcdatamodel */,
			);
			currentVersion = E90894D91FC47F43001DEE07 /* FireFighters.xcdatamodel */;
			path = FireFighters.xcdatamodeld;
			sourceTree = "<group>";
			versionGroupType = wrapper.xcdatamodel;
		};
/* End XCVersionGroup section */
	};
	rootObject = E90894C61FC47F43001DEE07 /* Project object */;
}
