// !$*UTF8*$!
{
	archiveVersion = 1;
	classes = {
	};
	objectVersion = 48;
	objects = {

/* Begin PBXBuildFile section */
		5C1CDF97F3166225AC3A56CE /* Pods_FireFighters.framework in Frameworks */ = {isa = PBXBuildFile; fileRef = 46B8FC0CBE44D4CFCCDCB760 /* Pods_FireFighters.framework */; };
		C93E98BC1FCC685D00377B89 /* FirstNextViewController.swift in Sources */ = {isa = PBXBuildFile; fileRef = C93E98BB1FCC685C00377B89 /* FirstNextViewController.swift */; };
		C93E98BE1FCDE28F00377B89 /* UICustomClass.swift in Sources */ = {isa = PBXBuildFile; fileRef = C93E98BD1FCDE28F00377B89 /* UICustomClass.swift */; };
		E905295B1FDBEA2E00647967 /* MainStoryboard.storyboard in Resources */ = {isa = PBXBuildFile; fileRef = E905295A1FDBEA2E00647967 /* MainStoryboard.storyboard */; };
		E90894D21FC47F43001DEE07 /* AppDelegate.swift in Sources */ = {isa = PBXBuildFile; fileRef = E90894D11FC47F43001DEE07 /* AppDelegate.swift */; };
		E90894DA1FC47F43001DEE07 /* FireFighters.xcdatamodeld in Sources */ = {isa = PBXBuildFile; fileRef = E90894D81FC47F43001DEE07 /* FireFighters.xcdatamodeld */; };
		E90894DC1FC47F43001DEE07 /* Assets.xcassets in Resources */ = {isa = PBXBuildFile; fileRef = E90894DB1FC47F43001DEE07 /* Assets.xcassets */; };
		E90894EA1FC48401001DEE07 /* LaunchScreen.storyboard in Resources */ = {isa = PBXBuildFile; fileRef = E90894E91FC48401001DEE07 /* LaunchScreen.storyboard */; };
		E90894F01FC48593001DEE07 /* firstStoryBoards.storyboard in Resources */ = {isa = PBXBuildFile; fileRef = E90894EF1FC48593001DEE07 /* firstStoryBoards.storyboard */; };
		E918A4771FF4181E00BD8240 /* Podfile in Resources */ = {isa = PBXBuildFile; fileRef = E918A4761FF4181E00BD8240 /* Podfile */; };
		E923873C1FE3D5D600AA8078 /* CustomNavContr.swift in Sources */ = {isa = PBXBuildFile; fileRef = E923873B1FE3D5D600AA8078 /* CustomNavContr.swift */; };
		E923ED6A1FF16C2200A319B6 /* ProfileViewController.swift in Sources */ = {isa = PBXBuildFile; fileRef = E923ED691FF16C2200A319B6 /* ProfileViewController.swift */; };
		E923ED6C1FF1738300A319B6 /* DocViewController.swift in Sources */ = {isa = PBXBuildFile; fileRef = E923ED6B1FF1738300A319B6 /* DocViewController.swift */; };
		E94994C21FE8FE8600041EFF /* enumLabel.swift in Sources */ = {isa = PBXBuildFile; fileRef = E94994C11FE8FE8500041EFF /* enumLabel.swift */; };
		E96429F21FCEDDF0005BB8D4 /* icon in Resources */ = {isa = PBXBuildFile; fileRef = E96429F01FCEDDF0005BB8D4 /* icon */; };
		E96429F31FCEDDF0005BB8D4 /* LaunchScreenImage in Resources */ = {isa = PBXBuildFile; fileRef = E96429F11FCEDDF0005BB8D4 /* LaunchScreenImage */; };
		E978EAED1FEED7B700197057 /* CalculationViewController.swift in Sources */ = {isa = PBXBuildFile; fileRef = E978EAEC1FEED7B700197057 /* CalculationViewController.swift */; };
		E97B9D251FF2BEA100542C6C /* CustomProfileCell.swift in Sources */ = {isa = PBXBuildFile; fileRef = E97B9D241FF2BEA100542C6C /* CustomProfileCell.swift */; };
		E9A03AD91FF6BFF400E2B7D0 /* CalendarDayWork.swift in Sources */ = {isa = PBXBuildFile; fileRef = E9A03AD81FF6BFF400E2B7D0 /* CalendarDayWork.swift */; };
		E9AA3E361FF69D8400CFC2C6 /* GuardClassFile.swift in Sources */ = {isa = PBXBuildFile; fileRef = E9AA3E351FF69D8400CFC2C6 /* GuardClassFile.swift */; };
		E9BEDB491FC4A3CF00DAD26E /* FirstViewController.swift in Sources */ = {isa = PBXBuildFile; fileRef = E9BEDB481FC4A3CF00DAD26E /* FirstViewController.swift */; };
		E9C788351FD82DE7009F98F2 /* UserProfile+CoreDataClass.swift in Sources */ = {isa = PBXBuildFile; fileRef = E9C788331FD82DE7009F98F2 /* UserProfile+CoreDataClass.swift */; };
		E9C788361FD82DE7009F98F2 /* UserProfile+CoreDataProperties.swift in Sources */ = {isa = PBXBuildFile; fileRef = E9C788341FD82DE7009F98F2 /* UserProfile+CoreDataProperties.swift */; };
		E9F31F521FDDB056001D74B9 /* MainViewController.swift in Sources */ = {isa = PBXBuildFile; fileRef = E9F31F511FDDB056001D74B9 /* MainViewController.swift */; };
/* End PBXBuildFile section */

/* Begin PBXFileReference section */
		3AC3D33ED9941FE8757C2361 /* Pods-FireFighters.release.xcconfig */ = {isa = PBXFileReference; includeInIndex = 1; lastKnownFileType = text.xcconfig; name = "Pods-FireFighters.release.xcconfig"; path = "Pods/Target Support Files/Pods-FireFighters/Pods-FireFighters.release.xcconfig"; sourceTree = "<group>"; };
		46B8FC0CBE44D4CFCCDCB760 /* Pods_FireFighters.framework */ = {isa = PBXFileReference; explicitFileType = wrapper.framework; includeInIndex = 0; path = Pods_FireFighters.framework; sourceTree = BUILT_PRODUCTS_DIR; };
		7BE6FE637E4589DB5C62AD11 /* Pods-FireFighters.debug.xcconfig */ = {isa = PBXFileReference; includeInIndex = 1; lastKnownFileType = text.xcconfig; name = "Pods-FireFighters.debug.xcconfig"; path = "Pods/Target Support Files/Pods-FireFighters/Pods-FireFighters.debug.xcconfig"; sourceTree = "<group>"; };
		C93E98BB1FCC685C00377B89 /* FirstNextViewController.swift */ = {isa = PBXFileReference; lastKnownFileType = sourcecode.swift; path = FirstNextViewController.swift; sourceTree = "<group>"; };
		C93E98BD1FCDE28F00377B89 /* UICustomClass.swift */ = {isa = PBXFileReference; lastKnownFileType = sourcecode.swift; path = UICustomClass.swift; sourceTree = "<group>"; };
		E905295A1FDBEA2E00647967 /* MainStoryboard.storyboard */ = {isa = PBXFileReference; lastKnownFileType = file.storyboard; path = MainStoryboard.storyboard; sourceTree = "<group>"; };
		E90894CE1FC47F43001DEE07 /* FireFighters.app */ = {isa = PBXFileReference; explicitFileType = wrapper.application; includeInIndex = 0; path = FireFighters.app; sourceTree = BUILT_PRODUCTS_DIR; };
		E90894D11FC47F43001DEE07 /* AppDelegate.swift */ = {isa = PBXFileReference; lastKnownFileType = sourcecode.swift; path = AppDelegate.swift; sourceTree = "<group>"; };
		E90894D91FC47F43001DEE07 /* FireFighters.xcdatamodel */ = {isa = PBXFileReference; lastKnownFileType = wrapper.xcdatamodel; path = FireFighters.xcdatamodel; sourceTree = "<group>"; };
		E90894DB1FC47F43001DEE07 /* Assets.xcassets */ = {isa = PBXFileReference; lastKnownFileType = folder.assetcatalog; path = Assets.xcassets; sourceTree = "<group>"; };
		E90894E01FC47F43001DEE07 /* Info.plist */ = {isa = PBXFileReference; lastKnownFileType = text.plist.xml; path = Info.plist; sourceTree = "<group>"; };
		E90894E91FC48401001DEE07 /* LaunchScreen.storyboard */ = {isa = PBXFileReference; fileEncoding = 4; lastKnownFileType = file.storyboard; path = LaunchScreen.storyboard; sourceTree = "<group>"; };
		E90894EF1FC48593001DEE07 /* firstStoryBoards.storyboard */ = {isa = PBXFileReference; lastKnownFileType = file.storyboard; path = firstStoryBoards.storyboard; sourceTree = "<group>"; };
		E918A4761FF4181E00BD8240 /* Podfile */ = {isa = PBXFileReference; lastKnownFileType = text; path = Podfile; sourceTree = "<group>"; xcLanguageSpecificationIdentifier = xcode.lang.ruby; };
		E923873B1FE3D5D600AA8078 /* CustomNavContr.swift */ = {isa = PBXFileReference; lastKnownFileType = sourcecode.swift; path = CustomNavContr.swift; sourceTree = "<group>"; };
		E923ED691FF16C2200A319B6 /* ProfileViewController.swift */ = {isa = PBXFileReference; lastKnownFileType = sourcecode.swift; path = ProfileViewController.swift; sourceTree = "<group>"; };
		E923ED6B1FF1738300A319B6 /* DocViewController.swift */ = {isa = PBXFileReference; lastKnownFileType = sourcecode.swift; path = DocViewController.swift; sourceTree = "<group>"; };
		E94994C11FE8FE8500041EFF /* enumLabel.swift */ = {isa = PBXFileReference; lastKnownFileType = sourcecode.swift; path = enumLabel.swift; sourceTree = "<group>"; };
		E96429F01FCEDDF0005BB8D4 /* icon */ = {isa = PBXFileReference; lastKnownFileType = folder; path = icon; sourceTree = "<group>"; };
		E96429F11FCEDDF0005BB8D4 /* LaunchScreenImage */ = {isa = PBXFileReference; lastKnownFileType = folder; path = LaunchScreenImage; sourceTree = "<group>"; };
		E978EAEC1FEED7B700197057 /* CalculationViewController.swift */ = {isa = PBXFileReference; lastKnownFileType = sourcecode.swift; path = CalculationViewController.swift; sourceTree = "<group>"; };
		E97B9D241FF2BEA100542C6C /* CustomProfileCell.swift */ = {isa = PBXFileReference; lastKnownFileType = sourcecode.swift; path = CustomProfileCell.swift; sourceTree = "<group>"; };
		E9A03AD81FF6BFF400E2B7D0 /* CalendarDayWork.swift */ = {isa = PBXFileReference; lastKnownFileType = sourcecode.swift; path = CalendarDayWork.swift; sourceTree = "<group>"; };
		E9AA3E351FF69D8400CFC2C6 /* GuardClassFile.swift */ = {isa = PBXFileReference; lastKnownFileType = sourcecode.swift; path = GuardClassFile.swift; sourceTree = "<group>"; };
		E9BEDB481FC4A3CF00DAD26E /* FirstViewController.swift */ = {isa = PBXFileReference; lastKnownFileType = sourcecode.swift; path = FirstViewController.swift; sourceTree = "<group>"; };
		E9C788331FD82DE7009F98F2 /* UserProfile+CoreDataClass.swift */ = {isa = PBXFileReference; lastKnownFileType = sourcecode.swift; path = "UserProfile+CoreDataClass.swift"; sourceTree = "<group>"; };
		E9C788341FD82DE7009F98F2 /* UserProfile+CoreDataProperties.swift */ = {isa = PBXFileReference; lastKnownFileType = sourcecode.swift; path = "UserProfile+CoreDataProperties.swift"; sourceTree = "<group>"; };
		E9F31F511FDDB056001D74B9 /* MainViewController.swift */ = {isa = PBXFileReference; lastKnownFileType = sourcecode.swift; path = MainViewController.swift; sourceTree = "<group>"; };
/* End PBXFileReference section */

/* Begin PBXFrameworksBuildPhase section */
		E90894CB1FC47F43001DEE07 /* Frameworks */ = {
			isa = PBXFrameworksBuildPhase;
			buildActionMask = 2147483647;
			files = (
				5C1CDF97F3166225AC3A56CE /* Pods_FireFighters.framework in Frameworks */,
			);
			runOnlyForDeploymentPostprocessing = 0;
		};
/* End PBXFrameworksBuildPhase section */

/* Begin PBXGroup section */
		15514244958C7E689F4D7D1C /* Pods */ = {
			isa = PBXGroup;
			children = (
				7BE6FE637E4589DB5C62AD11 /* Pods-FireFighters.debug.xcconfig */,
				3AC3D33ED9941FE8757C2361 /* Pods-FireFighters.release.xcconfig */,
			);
			name = Pods;
			sourceTree = "<group>";
		};
		E90894C51FC47F43001DEE07 = {
			isa = PBXGroup;
			children = (
				E918A4761FF4181E00BD8240 /* Podfile */,
				E90894D01FC47F43001DEE07 /* FireFighters */,
				E90894CF1FC47F43001DEE07 /* Products */,
				E90894E61FC47F6F001DEE07 /* Frameworks */,
				15514244958C7E689F4D7D1C /* Pods */,
			);
			sourceTree = "<group>";
		};
		E90894CF1FC47F43001DEE07 /* Products */ = {
			isa = PBXGroup;
			children = (
				E90894CE1FC47F43001DEE07 /* FireFighters.app */,
			);
			name = Products;
			sourceTree = "<group>";
		};
		E90894D01FC47F43001DEE07 /* FireFighters */ = {
			isa = PBXGroup;
			children = (
				E96429F01FCEDDF0005BB8D4 /* icon */,
				E96429F11FCEDDF0005BB8D4 /* LaunchScreenImage */,
				E90894EB1FC484C7001DEE07 /* View Controllers File */,
				E90894EE1FC4855D001DEE07 /* CustomClass */,
				E90894ED1FC48553001DEE07 /* Core Data File */,
				E90894EC1FC48509001DEE07 /* Storyboards */,
				E90894D11FC47F43001DEE07 /* AppDelegate.swift */,
				E90894DB1FC47F43001DEE07 /* Assets.xcassets */,
				E90894E01FC47F43001DEE07 /* Info.plist */,
				E90894E91FC48401001DEE07 /* LaunchScreen.storyboard */,
				E90894D81FC47F43001DEE07 /* FireFighters.xcdatamodeld */,
			);
			path = FireFighters;
			sourceTree = "<group>";
		};
		E90894E61FC47F6F001DEE07 /* Frameworks */ = {
			isa = PBXGroup;
			children = (
				46B8FC0CBE44D4CFCCDCB760 /* Pods_FireFighters.framework */,
			);
			name = Frameworks;
			sourceTree = "<group>";
		};
		E90894EB1FC484C7001DEE07 /* View Controllers File */ = {
			isa = PBXGroup;
			children = (
				E9BEDB481FC4A3CF00DAD26E /* FirstViewController.swift */,
				C93E98BB1FCC685C00377B89 /* FirstNextViewController.swift */,
				E9F31F511FDDB056001D74B9 /* MainViewController.swift */,
				E978EAEC1FEED7B700197057 /* CalculationViewController.swift */,
				E923ED691FF16C2200A319B6 /* ProfileViewController.swift */,
				E923ED6B1FF1738300A319B6 /* DocViewController.swift */,
			);
			path = "View Controllers File";
			sourceTree = "<group>";
		};
		E90894EC1FC48509001DEE07 /* Storyboards */ = {
			isa = PBXGroup;
			children = (
				E90894EF1FC48593001DEE07 /* firstStoryBoards.storyboard */,
				E905295A1FDBEA2E00647967 /* MainStoryboard.storyboard */,
			);
			path = Storyboards;
			sourceTree = "<group>";
		};
		E90894ED1FC48553001DEE07 /* Core Data File */ = {
			isa = PBXGroup;
			children = (
				E9C788331FD82DE7009F98F2 /* UserProfile+CoreDataClass.swift */,
				E9C788341FD82DE7009F98F2 /* UserProfile+CoreDataProperties.swift */,
			);
			path = "Core Data File";
			sourceTree = "<group>";
		};
		E90894EE1FC4855D001DEE07 /* CustomClass */ = {
			isa = PBXGroup;
			children = (
				C93E98BD1FCDE28F00377B89 /* UICustomClass.swift */,
				E923873B1FE3D5D600AA8078 /* CustomNavContr.swift */,
				E94994C11FE8FE8500041EFF /* enumLabel.swift */,
				E97B9D241FF2BEA100542C6C /* CustomProfileCell.swift */,
				E9AA3E351FF69D8400CFC2C6 /* GuardClassFile.swift */,
				E9A03AD81FF6BFF400E2B7D0 /* CalendarDayWork.swift */,
			);
			path = CustomClass;
			sourceTree = "<group>";
		};
/* End PBXGroup section */

/* Begin PBXNativeTarget section */
		E90894CD1FC47F43001DEE07 /* FireFighters */ = {
			isa = PBXNativeTarget;
			buildConfigurationList = E90894E31FC47F43001DEE07 /* Build configuration list for PBXNativeTarget "FireFighters" */;
			buildPhases = (
				13DBDEFD4DFEFC242F5DC73C /* [CP] Check Pods Manifest.lock */,
				E90894CA1FC47F43001DEE07 /* Sources */,
				E90894CB1FC47F43001DEE07 /* Frameworks */,
				E90894CC1FC47F43001DEE07 /* Resources */,
				BE11496386C832B2174C7115 /* [CP] Embed Pods Frameworks */,
				0BC3DF2DAEB6026A234D3809 /* [CP] Copy Pods Resources */,
			);
			buildRules = (
			);
			dependencies = (
			);
			name = FireFighters;
			productName = FireFighters;
			productReference = E90894CE1FC47F43001DEE07 /* FireFighters.app */;
			productType = "com.apple.product-type.application";
		};
/* End PBXNativeTarget section */

/* Begin PBXProject section */
		E90894C61FC47F43001DEE07 /* Project object */ = {
			isa = PBXProject;
			attributes = {
				LastSwiftUpdateCheck = 0910;
				LastUpgradeCheck = 0910;
				ORGANIZATIONNAME = "Павел";
				TargetAttributes = {
					E90894CD1FC47F43001DEE07 = {
						CreatedOnToolsVersion = 9.1;
						ProvisioningStyle = Automatic;
						SystemCapabilities = {
							com.apple.Maps.iOS = {
								enabled = 0;
							};
						};
					};
				};
			};
			buildConfigurationList = E90894C91FC47F43001DEE07 /* Build configuration list for PBXProject "FireFighters" */;
			compatibilityVersion = "Xcode 8.0";
			developmentRegion = en;
			hasScannedForEncodings = 0;
			knownRegions = (
				en,
				Base,
			);
			mainGroup = E90894C51FC47F43001DEE07;
			productRefGroup = E90894CF1FC47F43001DEE07 /* Products */;
			projectDirPath = "";
			projectRoot = "";
			targets = (
				E90894CD1FC47F43001DEE07 /* FireFighters */,
			);
		};
/* End PBXProject section */

/* Begin PBXResourcesBuildPhase section */
		E90894CC1FC47F43001DEE07 /* Resources */ = {
			isa = PBXResourcesBuildPhase;
			buildActionMask = 2147483647;
			files = (
				E905295B1FDBEA2E00647967 /* MainStoryboard.storyboard in Resources */,
				E96429F31FCEDDF0005BB8D4 /* LaunchScreenImage in Resources */,
				E90894EA1FC48401001DEE07 /* LaunchScreen.storyboard in Resources */,
				E96429F21FCEDDF0005BB8D4 /* icon in Resources */,
				E90894F01FC48593001DEE07 /* firstStoryBoards.storyboard in Resources */,
				E918A4771FF4181E00BD8240 /* Podfile in Resources */,
				E90894DC1FC47F43001DEE07 /* Assets.xcassets in Resources */,
			);
			runOnlyForDeploymentPostprocessing = 0;
		};
/* End PBXResourcesBuildPhase section */

/* Begin PBXShellScriptBuildPhase section */
		0BC3DF2DAEB6026A234D3809 /* [CP] Copy Pods Resources */ = {
			isa = PBXShellScriptBuildPhase;
			buildActionMask = 2147483647;
			files = (
			);
			inputPaths = (
			);
			name = "[CP] Copy Pods Resources";
			outputPaths = (
			);
			runOnlyForDeploymentPostprocessing = 0;
			shellPath = /bin/sh;
			shellScript = "\"${SRCROOT}/Pods/Target Support Files/Pods-FireFighters/Pods-FireFighters-resources.sh\"\n";
			showEnvVarsInLog = 0;
		};
		13DBDEFD4DFEFC242F5DC73C /* [CP] Check Pods Manifest.lock */ = {
			isa = PBXShellScriptBuildPhase;
			buildActionMask = 2147483647;
			files = (
			);
			inputPaths = (
				"${PODS_PODFILE_DIR_PATH}/Podfile.lock",
				"${PODS_ROOT}/Manifest.lock",
			);
			name = "[CP] Check Pods Manifest.lock";
			outputPaths = (
				"$(DERIVED_FILE_DIR)/Pods-FireFighters-checkManifestLockResult.txt",
			);
			runOnlyForDeploymentPostprocessing = 0;
			shellPath = /bin/sh;
			shellScript = "diff \"${PODS_PODFILE_DIR_PATH}/Podfile.lock\" \"${PODS_ROOT}/Manifest.lock\" > /dev/null\nif [ $? != 0 ] ; then\n    # print error to STDERR\n    echo \"error: The sandbox is not in sync with the Podfile.lock. Run 'pod install' or update your CocoaPods installation.\" >&2\n    exit 1\nfi\n# This output is used by Xcode 'outputs' to avoid re-running this script phase.\necho \"SUCCESS\" > \"${SCRIPT_OUTPUT_FILE_0}\"\n";
			showEnvVarsInLog = 0;
		};
		BE11496386C832B2174C7115 /* [CP] Embed Pods Frameworks */ = {
			isa = PBXShellScriptBuildPhase;
			buildActionMask = 2147483647;
			files = (
			);
			inputPaths = (
				"${SRCROOT}/Pods/Target Support Files/Pods-FireFighters/Pods-FireFighters-frameworks.sh",
				"${BUILT_PRODUCTS_DIR}/MBProgressHUD/MBProgressHUD.framework",
			);
			name = "[CP] Embed Pods Frameworks";
			outputPaths = (
				"${TARGET_BUILD_DIR}/${FRAMEWORKS_FOLDER_PATH}/MBProgressHUD.framework",
			);
			runOnlyForDeploymentPostprocessing = 0;
			shellPath = /bin/sh;
			shellScript = "\"${SRCROOT}/Pods/Target Support Files/Pods-FireFighters/Pods-FireFighters-frameworks.sh\"\n";
			showEnvVarsInLog = 0;
		};
/* End PBXShellScriptBuildPhase section */

/* Begin PBXSourcesBuildPhase section */
		E90894CA1FC47F43001DEE07 /* Sources */ = {
			isa = PBXSourcesBuildPhase;
			buildActionMask = 2147483647;
			files = (
				E9AA3E361FF69D8400CFC2C6 /* GuardClassFile.swift in Sources */,
				E9C788361FD82DE7009F98F2 /* UserProfile+CoreDataProperties.swift in Sources */,
				E978EAED1FEED7B700197057 /* CalculationViewController.swift in Sources */,
				C93E98BE1FCDE28F00377B89 /* UICustomClass.swift in Sources */,
				E9BEDB491FC4A3CF00DAD26E /* FirstViewController.swift in Sources */,
				E90894D21FC47F43001DEE07 /* AppDelegate.swift in Sources */,
				C93E98BC1FCC685D00377B89 /* FirstNextViewController.swift in Sources */,
				E923ED6A1FF16C2200A319B6 /* ProfileViewController.swift in Sources */,
				E94994C21FE8FE8600041EFF /* enumLabel.swift in Sources */,
				E923ED6C1FF1738300A319B6 /* DocViewController.swift in Sources */,
				E9C788351FD82DE7009F98F2 /* UserProfile+CoreDataClass.swift in Sources */,
				E9A03AD91FF6BFF400E2B7D0 /* CalendarDayWork.swift in Sources */,
				E90894DA1FC47F43001DEE07 /* FireFighters.xcdatamodeld in Sources */,
				E9F31F521FDDB056001D74B9 /* MainViewController.swift in Sources */,
				E97B9D251FF2BEA100542C6C /* CustomProfileCell.swift in Sources */,
				E923873C1FE3D5D600AA8078 /* CustomNavContr.swift in Sources */,
			);
			runOnlyForDeploymentPostprocessing = 0;
		};
/* End PBXSourcesBuildPhase section */

/* Begin XCBuildConfiguration section */
		E90894E11FC47F43001DEE07 /* Debug */ = {
			isa = XCBuildConfiguration;
			buildSettings = {
				ALWAYS_SEARCH_USER_PATHS = NO;
				CLANG_ANALYZER_NONNULL = YES;
				CLANG_ANALYZER_NUMBER_OBJECT_CONVERSION = YES_AGGRESSIVE;
				CLANG_CXX_LANGUAGE_STANDARD = "gnu++14";
				CLANG_CXX_LIBRARY = "libc++";
				CLANG_ENABLE_MODULES = YES;
				CLANG_ENABLE_OBJC_ARC = YES;
				CLANG_WARN_BLOCK_CAPTURE_AUTORELEASING = YES;
				CLANG_WARN_BOOL_CONVERSION = YES;
				CLANG_WARN_COMMA = YES;
				CLANG_WARN_CONSTANT_CONVERSION = YES;
				CLANG_WARN_DIRECT_OBJC_ISA_USAGE = YES_ERROR;
				CLANG_WARN_DOCUMENTATION_COMMENTS = YES;
				CLANG_WARN_EMPTY_BODY = YES;
				CLANG_WARN_ENUM_CONVERSION = YES;
				CLANG_WARN_INFINITE_RECURSION = YES;
				CLANG_WARN_INT_CONVERSION = YES;
				CLANG_WARN_NON_LITERAL_NULL_CONVERSION = YES;
				CLANG_WARN_OBJC_LITERAL_CONVERSION = YES;
				CLANG_WARN_OBJC_ROOT_CLASS = YES_ERROR;
				CLANG_WARN_RANGE_LOOP_ANALYSIS = YES;
				CLANG_WARN_STRICT_PROTOTYPES = YES;
				CLANG_WARN_SUSPICIOUS_MOVE = YES;
				CLANG_WARN_UNGUARDED_AVAILABILITY = YES_AGGRESSIVE;
				CLANG_WARN_UNREACHABLE_CODE = YES;
				CLANG_WARN__DUPLICATE_METHOD_MATCH = YES;
				CODE_SIGN_IDENTITY = "iPhone Developer";
				COPY_PHASE_STRIP = NO;
				DEBUG_INFORMATION_FORMAT = dwarf;
				ENABLE_STRICT_OBJC_MSGSEND = YES;
				ENABLE_TESTABILITY = YES;
				GCC_C_LANGUAGE_STANDARD = gnu11;
				GCC_DYNAMIC_NO_PIC = NO;
				GCC_NO_COMMON_BLOCKS = YES;
				GCC_OPTIMIZATION_LEVEL = 0;
				GCC_PREPROCESSOR_DEFINITIONS = (
					"DEBUG=1",
					"$(inherited)",
				);
				GCC_WARN_64_TO_32_BIT_CONVERSION = YES;
				GCC_WARN_ABOUT_RETURN_TYPE = YES_ERROR;
				GCC_WARN_UNDECLARED_SELECTOR = YES;
				GCC_WARN_UNINITIALIZED_AUTOS = YES_AGGRESSIVE;
				GCC_WARN_UNUSED_FUNCTION = YES;
				GCC_WARN_UNUSED_VARIABLE = YES;
				IPHONEOS_DEPLOYMENT_TARGET = 11.1;
				MTL_ENABLE_DEBUG_INFO = YES;
				ONLY_ACTIVE_ARCH = YES;
				SDKROOT = iphoneos;
				SWIFT_ACTIVE_COMPILATION_CONDITIONS = DEBUG;
				SWIFT_OPTIMIZATION_LEVEL = "-Onone";
			};
			name = Debug;
		};
		E90894E21FC47F43001DEE07 /* Release */ = {
			isa = XCBuildConfiguration;
			buildSettings = {
				ALWAYS_SEARCH_USER_PATHS = NO;
				CLANG_ANALYZER_NONNULL = YES;
				CLANG_ANALYZER_NUMBER_OBJECT_CONVERSION = YES_AGGRESSIVE;
				CLANG_CXX_LANGUAGE_STANDARD = "gnu++14";
				CLANG_CXX_LIBRARY = "libc++";
				CLANG_ENABLE_MODULES = YES;
				CLANG_ENABLE_OBJC_ARC = YES;
				CLANG_WARN_BLOCK_CAPTURE_AUTORELEASING = YES;
				CLANG_WARN_BOOL_CONVERSION = YES;
				CLANG_WARN_COMMA = YES;
				CLANG_WARN_CONSTANT_CONVERSION = YES;
				CLANG_WARN_DIRECT_OBJC_ISA_USAGE = YES_ERROR;
				CLANG_WARN_DOCUMENTATION_COMMENTS = YES;
				CLANG_WARN_EMPTY_BODY = YES;
				CLANG_WARN_ENUM_CONVERSION = YES;
				CLANG_WARN_INFINITE_RECURSION = YES;
				CLANG_WARN_INT_CONVERSION = YES;
				CLANG_WARN_NON_LITERAL_NULL_CONVERSION = YES;
				CLANG_WARN_OBJC_LITERAL_CONVERSION = YES;
				CLANG_WARN_OBJC_ROOT_CLASS = YES_ERROR;
				CLANG_WARN_RANGE_LOOP_ANALYSIS = YES;
				CLANG_WARN_STRICT_PROTOTYPES = YES;
				CLANG_WARN_SUSPICIOUS_MOVE = YES;
				CLANG_WARN_UNGUARDED_AVAILABILITY = YES_AGGRESSIVE;
				CLANG_WARN_UNREACHABLE_CODE = YES;
				CLANG_WARN__DUPLICATE_METHOD_MATCH = YES;
				CODE_SIGN_IDENTITY = "iPhone Developer";
				COPY_PHASE_STRIP = NO;
				DEBUG_INFORMATION_FORMAT = "dwarf-with-dsym";
				ENABLE_NS_ASSERTIONS = NO;
				ENABLE_STRICT_OBJC_MSGSEND = YES;
				GCC_C_LANGUAGE_STANDARD = gnu11;
				GCC_NO_COMMON_BLOCKS = YES;
				GCC_WARN_64_TO_32_BIT_CONVERSION = YES;
				GCC_WARN_ABOUT_RETURN_TYPE = YES_ERROR;
				GCC_WARN_UNDECLARED_SELECTOR = YES;
				GCC_WARN_UNINITIALIZED_AUTOS = YES_AGGRESSIVE;
				GCC_WARN_UNUSED_FUNCTION = YES;
				GCC_WARN_UNUSED_VARIABLE = YES;
				IPHONEOS_DEPLOYMENT_TARGET = 11.1;
				MTL_ENABLE_DEBUG_INFO = NO;
				SDKROOT = iphoneos;
				SWIFT_OPTIMIZATION_LEVEL = "-Owholemodule";
				VALIDATE_PRODUCT = YES;
			};
			name = Release;
		};
		E90894E41FC47F43001DEE07 /* Debug */ = {
			isa = XCBuildConfiguration;
			baseConfigurationReference = 7BE6FE637E4589DB5C62AD11 /* Pods-FireFighters.debug.xcconfig */;
			buildSettings = {
				ASSETCATALOG_COMPILER_APPICON_NAME = AppIcon;
				CODE_SIGN_STYLE = Automatic;
				DEVELOPMENT_TEAM = GVA5J44S8J;
				INFOPLIST_FILE = FireFighters/Info.plist;
				IPHONEOS_DEPLOYMENT_TARGET = 11.2;
				LD_RUNPATH_SEARCH_PATHS = "$(inherited) @executable_path/Frameworks";
				PRODUCT_BUNDLE_IDENTIFIER = "Shoki-Dev.FireFighters";
				PRODUCT_NAME = "$(TARGET_NAME)";
				SWIFT_VERSION = 4.0;
				TARGETED_DEVICE_FAMILY = 1;
			};
			name = Debug;
		};
		E90894E51FC47F43001DEE07 /* Release */ = {
			isa = XCBuildConfiguration;
			baseConfigurationReference = 3AC3D33ED9941FE8757C2361 /* Pods-FireFighters.release.xcconfig */;
			buildSettings = {
				ASSETCATALOG_COMPILER_APPICON_NAME = AppIcon;
				CODE_SIGN_STYLE = Automatic;
				DEVELOPMENT_TEAM = GVA5J44S8J;
				INFOPLIST_FILE = FireFighters/Info.plist;
				IPHONEOS_DEPLOYMENT_TARGET = 11.2;
				LD_RUNPATH_SEARCH_PATHS = "$(inherited) @executable_path/Frameworks";
				PRODUCT_BUNDLE_IDENTIFIER = "Shoki-Dev.FireFighters";
				PRODUCT_NAME = "$(TARGET_NAME)";
				SWIFT_VERSION = 4.0;
				TARGETED_DEVICE_FAMILY = 1;
			};
			name = Release;
		};
/* End XCBuildConfiguration section */

/* Begin XCConfigurationList section */
		E90894C91FC47F43001DEE07 /* Build configuration list for PBXProject "FireFighters" */ = {
			isa = XCConfigurationList;
			buildConfigurations = (
				E90894E11FC47F43001DEE07 /* Debug */,
				E90894E21FC47F43001DEE07 /* Release */,
			);
			defaultConfigurationIsVisible = 0;
			defaultConfigurationName = Release;
		};
		E90894E31FC47F43001DEE07 /* Build configuration list for PBXNativeTarget "FireFighters" */ = {
			isa = XCConfigurationList;
			buildConfigurations = (
				E90894E41FC47F43001DEE07 /* Debug */,
				E90894E51FC47F43001DEE07 /* Release */,
			);
			defaultConfigurationIsVisible = 0;
			defaultConfigurationName = Release;
		};
/* End XCConfigurationList section */

/* Begin XCVersionGroup section */
		E90894D81FC47F43001DEE07 /* FireFighters.xcdatamodeld */ = {
			isa = XCVersionGroup;
			children = (
				E90894D91FC47F43001DEE07 /* FireFighters.xcdatamodel */,
			);
			currentVersion = E90894D91FC47F43001DEE07 /* FireFighters.xcdatamodel */;
			path = FireFighters.xcdatamodeld;
			sourceTree = "<group>";
			versionGroupType = wrapper.xcdatamodel;
		};
/* End XCVersionGroup section */
	};
	rootObject = E90894C61FC47F43001DEE07 /* Project object */;
}
